# This file is @generated by PDM.
# It is not intended for manual editing.

[[package]]
name = "anyio"
version = "3.7.0"
requires_python = ">=3.7"
summary = "High level compatibility layer for multiple asynchronous event loop implementations"
dependencies = [
    "exceptiongroup; python_version < \"3.11\"",
    "idna>=2.8",
    "sniffio>=1.1",
    "typing-extensions; python_version < \"3.8\"",
]

[[package]]
name = "certifi"
version = "2023.5.7"
requires_python = ">=3.6"
summary = "Python package for providing Mozilla's CA Bundle."

[[package]]
name = "exceptiongroup"
version = "1.1.1"
requires_python = ">=3.7"
summary = "Backport of PEP 654 (exception groups)"

[[package]]
name = "grpcio"
version = "1.54.2"
requires_python = ">=3.7"
summary = "HTTP/2-based RPC framework"

[[package]]
name = "grpcio-tools"
version = "1.54.2"
requires_python = ">=3.7"
summary = "Protobuf code generator for gRPC"
dependencies = [
    "grpcio>=1.54.2",
    "protobuf<5.0dev,>=4.21.6",
    "setuptools",
]

[[package]]
name = "h11"
version = "0.14.0"
requires_python = ">=3.7"
summary = "A pure-Python, bring-your-own-I/O implementation of HTTP/1.1"
dependencies = [
    "typing-extensions; python_version < \"3.8\"",
]

[[package]]
name = "httpcore"
version = "0.17.2"
requires_python = ">=3.7"
summary = "A minimal low-level HTTP client."
dependencies = [
    "anyio<5.0,>=3.0",
    "certifi",
    "h11<0.15,>=0.13",
    "sniffio==1.*",
]

[[package]]
name = "httpx"
version = "0.24.1"
requires_python = ">=3.7"
summary = "The next generation HTTP client."
dependencies = [
    "certifi",
    "httpcore<0.18.0,>=0.15.0",
    "idna",
    "sniffio",
]

[[package]]
name = "idna"
version = "3.4"
requires_python = ">=3.5"
summary = "Internationalized Domain Names in Applications (IDNA)"

[[package]]
name = "mypy-protobuf"
version = "3.4.0"
requires_python = ">=3.7"
summary = "Generate mypy stub files from protobuf specs"
dependencies = [
    "protobuf>=4.21.8",
    "types-protobuf>=3.20.4",
]

[[package]]
name = "protobuf"
version = "4.23.2"
requires_python = ">=3.7"
summary = ""

[[package]]
name = "pyasn1"
version = "0.5.0"
requires_python = "!=3.0.*,!=3.1.*,!=3.2.*,!=3.3.*,!=3.4.*,!=3.5.*,>=2.7"
summary = "Pure-Python implementation of ASN.1 types and DER/BER/CER codecs (X.208)"

[[package]]
name = "rsa"
version = "4.9"
requires_python = ">=3.6,<4"
summary = "Pure-Python RSA implementation"
dependencies = [
    "pyasn1>=0.1.3",
]

[[package]]
name = "setuptools"
version = "67.8.0"
requires_python = ">=3.7"
summary = "Easily download, build, install, upgrade, and uninstall Python packages"

[[package]]
name = "sniffio"
version = "1.3.0"
requires_python = ">=3.7"
summary = "Sniff out which async library your code is running under"

[[package]]
name = "types-protobuf"
version = "4.23.0.1"
summary = "Typing stubs for protobuf"

[[package]]
name = "typing-extensions"
version = "4.6.3"
requires_python = ">=3.7"
summary = "Backported and Experimental Type Hints for Python 3.7+"

[metadata]
lock_version = "4.2"
cross_platform = true
groups = ["default", "dev"]
content_hash = "sha256:39e5bcf5651bb0946c294de1b854b1e1733be9d0731a0e574d7ecb6894fede16"

[metadata.files]
"anyio 3.7.0" = [
    {url = "https://files.pythonhosted.org/packages/68/fe/7ce1926952c8a403b35029e194555558514b365ad77d75125f521a2bec62/anyio-3.7.0-py3-none-any.whl", hash = "sha256:eddca883c4175f14df8aedce21054bfca3adb70ffe76a9f607aef9d7fa2ea7f0"},
    {url = "https://files.pythonhosted.org/packages/c6/b3/fefbf7e78ab3b805dec67d698dc18dd505af7a18a8dd08868c9b4fa736b5/anyio-3.7.0.tar.gz", hash = "sha256:275d9973793619a5374e1c89a4f4ad3f4b0a5510a2b5b939444bee8f4c4d37ce"},
]
"certifi 2023.5.7" = [
    {url = "https://files.pythonhosted.org/packages/93/71/752f7a4dd4c20d6b12341ed1732368546bc0ca9866139fe812f6009d9ac7/certifi-2023.5.7.tar.gz", hash = "sha256:0f0d56dc5a6ad56fd4ba36484d6cc34451e1c6548c61daad8c320169f91eddc7"},
    {url = "https://files.pythonhosted.org/packages/9d/19/59961b522e6757f0c9097e4493fa906031b95b3ebe9360b2c3083561a6b4/certifi-2023.5.7-py3-none-any.whl", hash = "sha256:c6c2e98f5c7869efca1f8916fed228dd91539f9f1b444c314c06eef02980c716"},
]
"exceptiongroup 1.1.1" = [
    {url = "https://files.pythonhosted.org/packages/61/97/17ed81b7a8d24d8f69b62c0db37abbd8c0042d4b3fc429c73dab986e7483/exceptiongroup-1.1.1-py3-none-any.whl", hash = "sha256:232c37c63e4f682982c8b6459f33a8981039e5fb8756b2074364e5055c498c9e"},
    {url = "https://files.pythonhosted.org/packages/cc/38/57f14ddc8e8baeddd8993a36fe57ce7b4ba174c35048b9a6d270bb01e833/exceptiongroup-1.1.1.tar.gz", hash = "sha256:d484c3090ba2889ae2928419117447a14daf3c1231d5e30d0aae34f354f01785"},
]
"grpcio 1.54.2" = [
    {url = "https://files.pythonhosted.org/packages/02/7e/be3b7cb003e22f8f7a2b94047fd2a2c9943f3e9923fce2e54699149c2213/grpcio-1.54.2-cp37-cp37m-musllinux_1_1_x86_64.whl", hash = "sha256:c2392f5b5d84b71d853918687d806c1aa4308109e5ca158a16e16a6be71041eb"},
    {url = "https://files.pythonhosted.org/packages/06/ec/b96b8f4f3a00bc25217b87ce194b55b86bf0eec49ef65f094a8d4ccc5bc3/grpcio-1.54.2-cp311-cp311-linux_armv7l.whl", hash = "sha256:1e623e0cf99a0ac114f091b3083a1848dbc64b0b99e181473b5a4a68d4f6f821"},
    {url = "https://files.pythonhosted.org/packages/0a/06/bf9534d52bcab918ecbf7709cb0ed0e8fe6144d45222309f84ed25f7066a/grpcio-1.54.2-cp311-cp311-musllinux_1_1_x86_64.whl", hash = "sha256:a2f5a1f1080ccdc7cbaf1171b2cf384d852496fe81ddedeb882d42b85727f610"},
    {url = "https://files.pythonhosted.org/packages/0c/23/187db2d270ab4d7a969bab30ad70ae24ef76ccf8c2727bd4fe62936bc952/grpcio-1.54.2-cp37-cp37m-musllinux_1_1_i686.whl", hash = "sha256:fd6c6c29717724acf9fc1847c4515d57e4dc12762452457b9cb37461f30a81bb"},
    {url = "https://files.pythonhosted.org/packages/0d/65/b782d1939d4c8355b4bd345b9a8c8640a750692804ce3091a3aca63fef31/grpcio-1.54.2-cp38-cp38-manylinux_2_17_aarch64.whl", hash = "sha256:09d4bfd84686cd36fd11fd45a0732c7628308d094b14d28ea74a81db0bce2ed3"},
    {url = "https://files.pythonhosted.org/packages/0f/68/1e608af2932d46126f7ee091cbd74544752c205d8a3b660e64d7b49321b0/grpcio-1.54.2-cp311-cp311-win32.whl", hash = "sha256:b74ae837368cfffeb3f6b498688a123e6b960951be4dec0e869de77e7fa0439e"},
    {url = "https://files.pythonhosted.org/packages/16/aa/70f8f33158a635872a1b3d799ecbbfcd9d9bd6dfd166d7d3c0b8ef1e9d11/grpcio-1.54.2-cp39-cp39-manylinux_2_17_aarch64.whl", hash = "sha256:9bdbb7624d65dc0ed2ed8e954e79ab1724526f09b1efa88dcd9a1815bf28be5f"},
    {url = "https://files.pythonhosted.org/packages/1c/b4/09d0f93deb340d1a0b4a940a7423b277e079b1d816593f61637b7fed518a/grpcio-1.54.2-cp310-cp310-musllinux_1_1_i686.whl", hash = "sha256:33d40954199bddbb6a78f8f6f2b2082660f381cd2583ec860a6c2fa7c8400c08"},
    {url = "https://files.pythonhosted.org/packages/25/1d/6478ec6a49c7f8565a8c0a52101952b7b573040ac327df6a7ffd5221f91f/grpcio-1.54.2-cp37-cp37m-manylinux_2_17_aarch64.whl", hash = "sha256:f900ed4ad7a0f1f05d35f955e0943944d5a75f607a836958c6b8ab2a81730ef2"},
    {url = "https://files.pythonhosted.org/packages/27/e5/bf914e9cc729136bfd839e876ab1f38920ad1a6e5751c11a6ffadd582acd/grpcio-1.54.2-cp39-cp39-macosx_10_10_universal2.whl", hash = "sha256:c72956972e4b508dd39fdc7646637a791a9665b478e768ffa5f4fe42123d5de1"},
    {url = "https://files.pythonhosted.org/packages/2a/f7/8c6e62a03299b7e73c9ec112f500f30afb053be9f69b661667f745a1b54f/grpcio-1.54.2-cp39-cp39-win_amd64.whl", hash = "sha256:be48496b0e00460717225e7680de57c38be1d8629dc09dadcd1b3389d70d942b"},
    {url = "https://files.pythonhosted.org/packages/2b/9e/03625037f6c02e7c90799227f1def18fa8d41ed52aac2ce20a6a152dd3bf/grpcio-1.54.2-cp37-cp37m-manylinux_2_17_i686.manylinux2014_i686.whl", hash = "sha256:96a41817d2c763b1d0b32675abeb9179aa2371c72aefdf74b2d2b99a1b92417b"},
    {url = "https://files.pythonhosted.org/packages/31/b5/df08a25aedb5c39b91a190b59c685f2d840ec7589e584f2d2173d160c833/grpcio-1.54.2-cp310-cp310-win_amd64.whl", hash = "sha256:0212e2f7fdf7592e4b9d365087da30cb4d71e16a6f213120c89b4f8fb35a3ab3"},
    {url = "https://files.pythonhosted.org/packages/36/72/c2136a20ef9946d3757fde81d632b556f90caa3295abaffa4bf9517352e3/grpcio-1.54.2-cp310-cp310-musllinux_1_1_x86_64.whl", hash = "sha256:b52d00d1793d290c81ad6a27058f5224a7d5f527867e5b580742e1bd211afeee"},
    {url = "https://files.pythonhosted.org/packages/3a/19/42847b6d911e295b1a8a322bd5c3443b21a5e1fabe04d7547ddd2ebeb3c3/grpcio-1.54.2-cp39-cp39-manylinux_2_17_i686.manylinux2014_i686.whl", hash = "sha256:4c44e1a765b31e175c391f22e8fc73b2a2ece0e5e6ff042743d8109b5d2eff9f"},
    {url = "https://files.pythonhosted.org/packages/43/ac/aad4133bae31f0d7028dad6b66638193d52eb1bbcaa4972264071bee9abd/grpcio-1.54.2-cp37-cp37m-linux_armv7l.whl", hash = "sha256:782f4f8662a2157c4190d0f99eaaebc602899e84fb1e562a944e5025929e351c"},
    {url = "https://files.pythonhosted.org/packages/46/ef/e243f7015df77f3d3c1c3199fcecfeec245f96f151dfb078abc67543fcb6/grpcio-1.54.2-cp37-cp37m-win_amd64.whl", hash = "sha256:51630c92591d6d3fe488a7c706bd30a61594d144bac7dee20c8e1ce78294f474"},
    {url = "https://files.pythonhosted.org/packages/51/6f/cc3ff49d8e39dac0461951c601e914b1aafe66db356eee1393570ea06330/grpcio-1.54.2-cp37-cp37m-manylinux_2_17_x86_64.manylinux2014_x86_64.whl", hash = "sha256:70fcac7b94f4c904152809a050164650ac81c08e62c27aa9f156ac518029ebbe"},
    {url = "https://files.pythonhosted.org/packages/51/7a/099368e37628409eabc36b8bf1db09cfc9e5761d5168e0d420e9fe671662/grpcio-1.54.2-cp38-cp38-win_amd64.whl", hash = "sha256:46a057329938b08e5f0e12ea3d7aed3ecb20a0c34c4a324ef34e00cecdb88a12"},
    {url = "https://files.pythonhosted.org/packages/51/da/4f4bd92ff521a5dc903500f1038521c6b57e6d3916048c89c6e6560dc2f6/grpcio-1.54.2-cp38-cp38-win32.whl", hash = "sha256:8d6192c37a30a115f4663592861f50e130caed33efc4eec24d92ec881c92d771"},
    {url = "https://files.pythonhosted.org/packages/57/4a/2ccd2c614bccb5a876b458e04e84be2c8112e4b1273528fbf35c979f76bc/grpcio-1.54.2-cp38-cp38-linux_armv7l.whl", hash = "sha256:b04202453941a63b36876a7172b45366dc0cde10d5fd7855c0f4a4e673c0357a"},
    {url = "https://files.pythonhosted.org/packages/58/51/9d1b33f170cd7585bf266b5059b00947af6ca9a8c5df9c901f8dcb146a78/grpcio-1.54.2-cp311-cp311-musllinux_1_1_i686.whl", hash = "sha256:5008964885e8d23313c8e5ea0d44433be9bfd7e24482574e8cc43c02c02fc796"},
    {url = "https://files.pythonhosted.org/packages/58/58/67d2598973e8cef41896e018aac669d07a36fc71f9725863a54a507cecc0/grpcio-1.54.2-cp311-cp311-macosx_10_10_universal2.whl", hash = "sha256:66233ccd2a9371158d96e05d082043d47dadb18cbb294dc5accfdafc2e6b02a7"},
    {url = "https://files.pythonhosted.org/packages/59/3b/8095dba884fd2e66a75e58f76d29314ebeeae0cd8f8d494b17ea089a965f/grpcio-1.54.2-cp311-cp311-manylinux_2_17_x86_64.manylinux2014_x86_64.whl", hash = "sha256:f8da84bbc61a4e92af54dc96344f328e5822d574f767e9b08e1602bb5ddc254a"},
    {url = "https://files.pythonhosted.org/packages/5d/2e/91a29de4d32f10baab1113096a796622ea3c820f8b03f9e4f0be81f759fa/grpcio-1.54.2-cp310-cp310-manylinux_2_17_i686.manylinux2014_i686.whl", hash = "sha256:9bf88004fe086c786dc56ef8dd6cb49c026833fdd6f42cb853008bce3f907148"},
    {url = "https://files.pythonhosted.org/packages/5d/da/4a631759ef15177f06373e47cd533cef6afc3c3c414e2623d0b516296dc0/grpcio-1.54.2-cp310-cp310-macosx_12_0_universal2.whl", hash = "sha256:2288d76e4d4aa7ef3fe7a73c1c470b66ea68e7969930e746a8cd8eca6ef2a2ea"},
    {url = "https://files.pythonhosted.org/packages/66/f9/dfa689a7ccd0a5f8b46f35ffa80cae46cd1f4772915170916291125aea0d/grpcio-1.54.2-cp39-cp39-manylinux_2_17_x86_64.manylinux2014_x86_64.whl", hash = "sha256:5cc928cfe6c360c1df636cf7991ab96f059666ac7b40b75a769410cc6217df9c"},
    {url = "https://files.pythonhosted.org/packages/67/00/b24ae962473e274987c9fe24d49afcee7ac4ff9a0a96593e501a866aed32/grpcio-1.54.2-cp310-cp310-win32.whl", hash = "sha256:881d058c5ccbea7cc2c92085a11947b572498a27ef37d3eef4887f499054dca8"},
    {url = "https://files.pythonhosted.org/packages/69/c1/a26627e21cd3d4161c7feb0b5c0beba394bf8ffc03d8536e786442469784/grpcio-1.54.2-cp38-cp38-musllinux_1_1_i686.whl", hash = "sha256:e416c8baf925b5a1aff31f7f5aecc0060b25d50cce3a5a7255dc5cf2f1d4e5eb"},
    {url = "https://files.pythonhosted.org/packages/75/6e/cbd0b3f6671cc6da997ac7f47c660fb681f924e8644068f1639d488307e9/grpcio-1.54.2-cp311-cp311-win_amd64.whl", hash = "sha256:8cdbcbd687e576d48f7886157c95052825ca9948c0ed2afdc0134305067be88b"},
    {url = "https://files.pythonhosted.org/packages/76/1b/669789da6ea1057cda9e5edf608b3451e01367a496a928a219446ce25669/grpcio-1.54.2-cp38-cp38-manylinux_2_17_x86_64.manylinux2014_x86_64.whl", hash = "sha256:61f7203e2767800edee7a1e1040aaaf124a35ce0c7fe0883965c6b762defe598"},
    {url = "https://files.pythonhosted.org/packages/78/5d/cbdd5a52a286ef7857706f01e7748ddd5037760ed351b413efee55be387a/grpcio-1.54.2-cp39-cp39-musllinux_1_1_x86_64.whl", hash = "sha256:4864f99aac207e3e45c5e26c6cbb0ad82917869abc2f156283be86c05286485c"},
    {url = "https://files.pythonhosted.org/packages/81/c0/1134dac25c72707e73df16b073b581cf1cdb0b02849835b0af9c687aef8c/grpcio-1.54.2-cp38-cp38-musllinux_1_1_x86_64.whl", hash = "sha256:dc80c9c6b608bf98066a038e0172013a49cfa9a08d53335aefefda2c64fc68f4"},
    {url = "https://files.pythonhosted.org/packages/84/64/fb25b3f8c6c28fcec3320d96a4998b446bc46237d98503aa4c0e7f9f8664/grpcio-1.54.2-cp39-cp39-musllinux_1_1_i686.whl", hash = "sha256:a08920fa1a97d4b8ee5db2f31195de4a9def1a91bc003544eb3c9e6b8977960a"},
    {url = "https://files.pythonhosted.org/packages/8e/57/ee607eaba6963f79f8a464c394d0be893817f3640232f67d8c3570ff7167/grpcio-1.54.2-cp311-cp311-manylinux_2_17_i686.manylinux2014_i686.whl", hash = "sha256:2a1e601ee31ef30a9e2c601d0867e236ac54c922d32ed9f727b70dd5d82600d5"},
    {url = "https://files.pythonhosted.org/packages/93/03/ee9230f1bd61786e3a486bad51421cf921067ac814924c7740358cc74c9c/grpcio-1.54.2-cp38-cp38-manylinux_2_17_i686.manylinux2014_i686.whl", hash = "sha256:7fc2b4edb938c8faa4b3c3ea90ca0dd89b7565a049e8e4e11b77e60e4ed2cc05"},
    {url = "https://files.pythonhosted.org/packages/96/82/a84e29d2f1b4cb773fc0e5f288d58b67e43fa85a73f2394d2751c5e2a93d/grpcio-1.54.2-cp39-cp39-linux_armv7l.whl", hash = "sha256:2296356b5c9605b73ed6a52660b538787094dae13786ba53080595d52df13a98"},
    {url = "https://files.pythonhosted.org/packages/9d/2e/42bbffdd9eb6e161d916e49d784ea665e2805533c40e5d98b0ca04c815c2/grpcio-1.54.2-cp310-cp310-manylinux_2_17_aarch64.whl", hash = "sha256:c0e3155fc5335ec7b3b70f15230234e529ca3607b20a562b6c75fb1b1218874c"},
    {url = "https://files.pythonhosted.org/packages/9e/b6/f89bb0df28f5d9fafb54befd7c1ec92f04d873ece8634714db09e64923a5/grpcio-1.54.2-cp38-cp38-macosx_10_10_universal2.whl", hash = "sha256:89dde0ac72a858a44a2feb8e43dc68c0c66f7857a23f806e81e1b7cc7044c9cf"},
    {url = "https://files.pythonhosted.org/packages/ae/51/4b8231e8e3aa5a71b982da96c622e43a69702164659812d4ccd905632655/grpcio-1.54.2-cp310-cp310-linux_armv7l.whl", hash = "sha256:40e1cbf69d6741b40f750f3cccc64326f927ac6145a9914d33879e586002350c"},
    {url = "https://files.pythonhosted.org/packages/ae/c4/1f79215cfe5423ff4dc61fcfb5e68eed93b6e8b1c122b5ab24201013d4d9/grpcio-1.54.2-cp39-cp39-win32.whl", hash = "sha256:b38b3de8cff5bc70f8f9c615f51b48eff7313fc9aca354f09f81b73036e7ddfa"},
    {url = "https://files.pythonhosted.org/packages/b8/03/5e93cf42e1108f793545ec5fb1f033303d7bbd7825525ed29ce3136587cd/grpcio-1.54.2-cp311-cp311-manylinux_2_17_aarch64.whl", hash = "sha256:4cb283f630624ebb16c834e5ac3d7880831b07cbe76cb08ab7a271eeaeb8943e"},
    {url = "https://files.pythonhosted.org/packages/cb/82/f4a1535e6ae5360abd59ab4e8d90a884c680a3997a44c7418364030874dd/grpcio-1.54.2.tar.gz", hash = "sha256:50a9f075eeda5097aa9a182bb3877fe1272875e45370368ac0ee16ab9e22d019"},
    {url = "https://files.pythonhosted.org/packages/d3/e1/ec716e69052aaf579649d44ed386fdec3e44a93f8bb4c1c5c18b98eec3f4/grpcio-1.54.2-cp37-cp37m-macosx_10_10_universal2.whl", hash = "sha256:714242ad0afa63a2e6dabd522ae22e1d76e07060b5af2ddda5474ba4f14c2c94"},
    {url = "https://files.pythonhosted.org/packages/f9/7f/af398dd9b600296bacd3bcc229f1b3ff1ccd377eac8c6b17aa2f584324b1/grpcio-1.54.2-cp310-cp310-manylinux_2_17_x86_64.manylinux2014_x86_64.whl", hash = "sha256:2be88c081e33f20630ac3343d8ad9f1125f32987968e9c8c75c051c9800896e8"},
]
"grpcio-tools 1.54.2" = [
    {url = "https://files.pythonhosted.org/packages/05/09/5c487bd57c68405b056a9d78790a5dcf24b35a1c384daa69f1eb4b8f2b31/grpcio_tools-1.54.2-cp39-cp39-manylinux_2_17_i686.manylinux2014_i686.whl", hash = "sha256:8742122782953d2fd038f0a199f047a24e941cc9718b1aac90876dbdb7167739"},
    {url = "https://files.pythonhosted.org/packages/06/b8/3b7dcf0cf505795c9d7e41c5db4c927e5b7b08654c030b3710fc112f2305/grpcio_tools-1.54.2-cp38-cp38-musllinux_1_1_x86_64.whl", hash = "sha256:1b8ee3099c51ce987fa8a08e6b93fc342b10228415dd96b5c0caa0387f636a6f"},
    {url = "https://files.pythonhosted.org/packages/08/bb/506d33e9fa173a9dc1d5166ae1b08ba7a6f13ac0d8cd3de2967dd7747094/grpcio_tools-1.54.2-cp310-cp310-linux_armv7l.whl", hash = "sha256:2b96f5f17d3156058be247fd25b062b4768138665694c00b056659618b8fb418"},
    {url = "https://files.pythonhosted.org/packages/08/d2/344e74b1e5843918e48c41e633faad35bd16770f23756f176429e7b46b2d/grpcio_tools-1.54.2-cp311-cp311-manylinux_2_17_i686.manylinux2014_i686.whl", hash = "sha256:27671c68c7e0e3c5ff9967f5500799f65a04e7b153b8ce10243c87c43199039d"},
    {url = "https://files.pythonhosted.org/packages/0c/8e/0cd33508b87dd3264a08e86c6b93f153e17869b9029cc56911c5e8805bc6/grpcio_tools-1.54.2-cp311-cp311-musllinux_1_1_i686.whl", hash = "sha256:8e4c5a48f7b2e8798ce381498ee7b9a83c65b87ae66ee5022387394e5eb51771"},
    {url = "https://files.pythonhosted.org/packages/17/51/f0dafdcd7e921a7f794fb0fbdf7f17d28447d9658bc70d7920fe248767bd/grpcio_tools-1.54.2-cp311-cp311-win_amd64.whl", hash = "sha256:3237149beec39e897fd62cef4aa1e1cd9422d7a95661d24bd0a79200b167e730"},
    {url = "https://files.pythonhosted.org/packages/1a/ed/c803ad2e932cd42a25aed6077d28cb4c4af59507e62701b160a5dca4baa5/grpcio_tools-1.54.2-cp310-cp310-manylinux_2_17_x86_64.manylinux2014_x86_64.whl", hash = "sha256:e5c7292dd899ad8fa09a2be96719648cee37b17909fe8c12007e3bff58ebee61"},
    {url = "https://files.pythonhosted.org/packages/24/9a/12ffff87f41105c0698f811d85abf1089ff06cde2805ebeebb1d97975b21/grpcio_tools-1.54.2-cp39-cp39-musllinux_1_1_x86_64.whl", hash = "sha256:df079479fb1b9e488334312e35ebbf30cbf5ecad6c56599f1a961800b33ab7c1"},
    {url = "https://files.pythonhosted.org/packages/25/9d/baaec2b771c1c426795740e275f62122d6931d67493ae5b10493a8835110/grpcio_tools-1.54.2-cp38-cp38-manylinux_2_17_i686.manylinux2014_i686.whl", hash = "sha256:39fd530cfdf58dc05125775cc233b05554d553d27478f14ae5fd8a6306f0cb28"},
    {url = "https://files.pythonhosted.org/packages/26/5a/170743afca47400f231711da36f24bd3f07575630a754a2289a2c3d70e0c/grpcio_tools-1.54.2-cp39-cp39-win32.whl", hash = "sha256:49c2846dcc4803476e839d8bd4db8845e928f19130e0ea86121f2d1f43d2b452"},
    {url = "https://files.pythonhosted.org/packages/27/24/76c602d92c11628d8505e02dc99b20be7884a53811ed61802ebaa0a41e7e/grpcio_tools-1.54.2-cp39-cp39-manylinux_2_17_x86_64.manylinux2014_x86_64.whl", hash = "sha256:503ef1351c62fb1d6747eaf74932b609d8fdd4345b3591ef910adef8fa9969d0"},
    {url = "https://files.pythonhosted.org/packages/3c/29/e9672c62493297d1a74643a93cade5233e31451d364ff12d1a2e3ece13c1/grpcio_tools-1.54.2-cp38-cp38-macosx_10_10_universal2.whl", hash = "sha256:a0b7049814442f918b522d66b1d015286afbeb9e6d141af54bbfafe31710a3c8"},
    {url = "https://files.pythonhosted.org/packages/3d/09/c0438f9df1f5ce8cf35fb01bd03d91dbb30d35891a02dab8dd186206d92c/grpcio_tools-1.54.2-cp310-cp310-musllinux_1_1_x86_64.whl", hash = "sha256:4abfc1892380abe6cef381eab86f9350cbd703bfe5d834095aa66fd91c886b6d"},
    {url = "https://files.pythonhosted.org/packages/3e/44/957d41f5dfa160af21a6e71507df73bf9df8afe93f9ba1990d4ee94461fc/grpcio_tools-1.54.2-cp37-cp37m-manylinux_2_17_aarch64.whl", hash = "sha256:7f4624ef2e76a3a5313c4e61a81be38bcc16b59a68a85d30758b84cd2102b161"},
    {url = "https://files.pythonhosted.org/packages/3e/c5/1d2a501520e54d80c5e2b59b4cdf4078de5bd7f3b133d043e73ff2b69056/grpcio_tools-1.54.2-cp37-cp37m-linux_armv7l.whl", hash = "sha256:0ab1b323905d449298523db5d34fa5bf5fffd645bd872b25598e2f8a01f0ea39"},
    {url = "https://files.pythonhosted.org/packages/3f/cb/2ed8d43c5f1131fba716b39e4b030a7e3286a9f1e11e386c7b0768c7e0a2/grpcio_tools-1.54.2-cp38-cp38-win32.whl", hash = "sha256:6037f123905dc0141f7c8383ca616ef0195e79cd3b4d82faaee789d4045e891b"},
    {url = "https://files.pythonhosted.org/packages/4a/7c/2063d4cc9bb8cc2274e21188e8db32e56f384e6a6db22966ff9c02a80633/grpcio_tools-1.54.2-cp38-cp38-musllinux_1_1_i686.whl", hash = "sha256:d512de051342a576bb89777476d13c5266d9334cf4badb6468aed9dc8f5bdec1"},
    {url = "https://files.pythonhosted.org/packages/4f/22/b3791049e985e7f02acc199b5329b847c96a07ccc22470e0619ba8c034d9/grpcio_tools-1.54.2-cp39-cp39-macosx_10_10_universal2.whl", hash = "sha256:21b1467e31e44429d2a78b50135c9cdbd4b8f6d3b5cd548bc98985d3bdc352d0"},
    {url = "https://files.pythonhosted.org/packages/55/5d/da773b941c121c6e36a9025fcbfba799665f73ea3492d5cb253390beee3b/grpcio_tools-1.54.2-cp38-cp38-manylinux_2_17_aarch64.whl", hash = "sha256:b80585e06c4f0082327eb5c9ad96fbdb2b0e7c14971ea5099fe78c22f4608451"},
    {url = "https://files.pythonhosted.org/packages/58/67/233d4486945d692d2968cac59eca5593cd271bdda2fc802c536ade300d9a/grpcio_tools-1.54.2-cp310-cp310-win32.whl", hash = "sha256:9acf443dcf6f68fbea3b7fb519e1716e014db1a561939f5aecc4abda74e4015d"},
    {url = "https://files.pythonhosted.org/packages/5a/6e/db45f71050033b85b4c1615a1243af030fef267c71e8e836cdd98c6ea0a4/grpcio_tools-1.54.2-cp37-cp37m-macosx_10_10_universal2.whl", hash = "sha256:7d7e6e8d62967b3f037f952620cb7381cc39a4bd31790c75fcfba56cc975d70b"},
    {url = "https://files.pythonhosted.org/packages/60/13/13dd8f6a68f37998efc257fde735801cb6da34cee18146113268b18753e2/grpcio_tools-1.54.2-cp38-cp38-linux_armv7l.whl", hash = "sha256:8e4531267736d88fde1022b36dd42ed8163e3575bcbd12bfed96662872aa93fe"},
    {url = "https://files.pythonhosted.org/packages/66/24/06b0863940b6c0563526876ec59ce0063ffd5c585ff9fee94654244a25b9/grpcio_tools-1.54.2-cp37-cp37m-manylinux_2_17_i686.manylinux2014_i686.whl", hash = "sha256:e543f457935ba7b763b121f1bf893974393b4d30065042f947f85a8d81081b80"},
    {url = "https://files.pythonhosted.org/packages/66/93/075f0becfd9440fc515da27fc8ada3448fd6281c20196072a648898d0f8a/grpcio_tools-1.54.2-cp311-cp311-manylinux_2_17_x86_64.manylinux2014_x86_64.whl", hash = "sha256:f39d8e8806b8857fb473ca6a9c7bd800b0673dfdb7283ff569af0345a222f32c"},
    {url = "https://files.pythonhosted.org/packages/69/c9/2e3d89f3368d8e6b2f4d29c2479c339a93d0e9600b5faa645eb769f0423b/grpcio_tools-1.54.2-cp37-cp37m-win_amd64.whl", hash = "sha256:37393ef90674964175923afe3859fc5a208e1ece565f642b4f76a8c0224a0993"},
    {url = "https://files.pythonhosted.org/packages/75/2a/0f1c0f1bbc3feb56f6ea23e95991da99fc0da4b4325f9312645dc3d4bec6/grpcio_tools-1.54.2-cp38-cp38-manylinux_2_17_x86_64.manylinux2014_x86_64.whl", hash = "sha256:3bb9ec4aea0f2b3006fb002fa59e5c10f92b48fc374619fbffd14d2b0e388c3e"},
    {url = "https://files.pythonhosted.org/packages/85/13/ac4175170022926b30ad0443f08c48dc8b1a73d49a52b422f92cf4b84b7b/grpcio_tools-1.54.2-cp311-cp311-macosx_10_10_universal2.whl", hash = "sha256:7baa210c20f71a242d9ae0e02734628f6948e8bee3bf538647894af427d28800"},
    {url = "https://files.pythonhosted.org/packages/86/a2/444cebdffb292057597da991c7391e5935c51f889e7e89c6698a263d627a/grpcio_tools-1.54.2-cp310-cp310-macosx_12_0_universal2.whl", hash = "sha256:11939c9a8a39bd4815c7e88cb2fee48e1948775b59dbb06de8fcae5991e84f9e"},
    {url = "https://files.pythonhosted.org/packages/8e/cf/56c7a6a23779eb40614b3724378d7541943de0be1c5750e67faa2d24b03f/grpcio_tools-1.54.2-cp310-cp310-win_amd64.whl", hash = "sha256:21b9d2dee80f3f77e4097252e7f0db89772335a7300b72ab3d2e5c280872b1db"},
    {url = "https://files.pythonhosted.org/packages/91/de/d4d78c23448f0b30c95640430353aef6a7fc8ec50e38bce8ae2640f37b53/grpcio_tools-1.54.2-cp310-cp310-manylinux_2_17_aarch64.whl", hash = "sha256:129de5579f95d6a55dde185f188b4cbe19d1e2f1471425431d9930c31d300d70"},
    {url = "https://files.pythonhosted.org/packages/9a/94/c3128308a1febb153df419cc0395134789f4dd595ff704d6266d838f8801/grpcio_tools-1.54.2-cp39-cp39-manylinux_2_17_aarch64.whl", hash = "sha256:30a49b8b168aced2a4ff40959e6c4383ad6cfd7a20839a47a215e9837eb722dc"},
    {url = "https://files.pythonhosted.org/packages/a3/4b/6201fc0cabeada7f7d30334fcfc320c83599e8a29a6af6ff49f06b260c00/grpcio_tools-1.54.2-cp37-cp37m-musllinux_1_1_i686.whl", hash = "sha256:0de05c7698c655e9a240dc34ae91d6017b93143ac89e5b20046d7ca3bd09c27c"},
    {url = "https://files.pythonhosted.org/packages/a5/c0/df8065d2ffe785b8d4a07dcdd1f8665323a48c03d4c51659981398c65bac/grpcio_tools-1.54.2-cp311-cp311-musllinux_1_1_x86_64.whl", hash = "sha256:4f285f8ef3de422717a36bd372239ae778b8cc112ce780ca3c7fe266dadc49fb"},
    {url = "https://files.pythonhosted.org/packages/a6/71/14954e86644db8c547b810b97a56d4b5f2d6bdd9b50e27baf6fb43897539/grpcio_tools-1.54.2-cp311-cp311-manylinux_2_17_aarch64.whl", hash = "sha256:e3d0e5188ff8dbaddac2ee44731d36f09c4eccd3eac7328e547862c44f75cacd"},
    {url = "https://files.pythonhosted.org/packages/a7/d3/d06955374e25cb691fe9119efd5aec253825d3b1dc4a9bcb37c93532e95a/grpcio_tools-1.54.2-cp37-cp37m-manylinux_2_17_x86_64.manylinux2014_x86_64.whl", hash = "sha256:0239b929eb8b3b30b2397eef3b9abb245087754d77c3721e3be43c44796de87d"},
    {url = "https://files.pythonhosted.org/packages/b1/a9/db4538e727eb0d627a345ab99c22cab041db98aac1eadfbeadbccc0c4376/grpcio-tools-1.54.2.tar.gz", hash = "sha256:e11c2c2aee53f340992e8e4d6a59172cbbbd0193f1351de98c4f810a5041d5ca"},
    {url = "https://files.pythonhosted.org/packages/b9/15/502a3b910361045b993caea18d145f23294e2187a0838ddc1ad0aef75532/grpcio_tools-1.54.2-cp310-cp310-manylinux_2_17_i686.manylinux2014_i686.whl", hash = "sha256:c4128c01cd6f5ea8f7c2db405dbfd8582cd967d36e6fa0952565436633b0e591"},
    {url = "https://files.pythonhosted.org/packages/ba/d3/e9512c0887784db4c0a15cf6c392a4dc4496c2a922a65480b6bc8273d780/grpcio_tools-1.54.2-cp39-cp39-linux_armv7l.whl", hash = "sha256:f6787d07fdab31a32c433c1ba34883dea6559d8a3fbe08fb93d834ca34136b71"},
    {url = "https://files.pythonhosted.org/packages/c5/93/b5aae975522aef11924b58c0f6d682dc8ce43e9b9700c472578756355efa/grpcio_tools-1.54.2-cp311-cp311-win32.whl", hash = "sha256:0f952c8a5c47e9204fe8959f7e9add149e660f6579d67cf65024c32736d34caf"},
    {url = "https://files.pythonhosted.org/packages/c8/61/3d93d66fae32c22485859ec259a06cdd19e6e16cd9f9cfcacaee839f2a76/grpcio_tools-1.54.2-cp39-cp39-musllinux_1_1_i686.whl", hash = "sha256:72d15de4c4b6a764a76c4ae69d99c35f7a0751223688c3f7e62dfa95eb4f61be"},
    {url = "https://files.pythonhosted.org/packages/cc/5e/a6d9ead54befaed8e7a85a2533fab97a2f90c9c6f9fb75f30c1d1e4caaa7/grpcio_tools-1.54.2-cp37-cp37m-musllinux_1_1_x86_64.whl", hash = "sha256:a3ce0b98fb581c471424d2cda45120f57658ed97677c6fec4d6decf5d7c1b976"},
    {url = "https://files.pythonhosted.org/packages/cc/ba/63d26dd62c22ba9b152bab75d36525b18d4af7048d15f2b74530b4dd4542/grpcio_tools-1.54.2-cp39-cp39-win_amd64.whl", hash = "sha256:b82ca472db9c914c44e39a41e9e8bd3ed724523dd7aff5ce37592b8d16920ed9"},
    {url = "https://files.pythonhosted.org/packages/d6/b2/f7887b00ef3d897daaa035a5c20b30a64ef4b5cf6d9570f9dadad2aefee0/grpcio_tools-1.54.2-cp310-cp310-musllinux_1_1_i686.whl", hash = "sha256:5ef30c2dbc63c1e0a462423ca4f95001814d26ef4fe66208e53fcf220ea3b717"},
    {url = "https://files.pythonhosted.org/packages/e3/d9/f05ae928c4b95fa6b452499ad1bb4138c16f472cce24636742e1aa761150/grpcio_tools-1.54.2-cp311-cp311-linux_armv7l.whl", hash = "sha256:7b24fbab9e7598518ce4549e066df00aab79c2bf9bedcdde23fb5ef6a3cf532f"},
    {url = "https://files.pythonhosted.org/packages/f1/cf/5ceb273cd2e3a024812796a0cfa8c47f98d42100c4353f3464c4eb36154b/grpcio_tools-1.54.2-cp38-cp38-win_amd64.whl", hash = "sha256:10dd41862f579d185c60f629b5ee89103e216f63b576079d258d974d980bad87"},
]
"h11 0.14.0" = [
    {url = "https://files.pythonhosted.org/packages/95/04/ff642e65ad6b90db43e668d70ffb6736436c7ce41fcc549f4e9472234127/h11-0.14.0-py3-none-any.whl", hash = "sha256:e3fe4ac4b851c468cc8363d500db52c2ead036020723024a109d37346efaa761"},
    {url = "https://files.pythonhosted.org/packages/f5/38/3af3d3633a34a3316095b39c8e8fb4853a28a536e55d347bd8d8e9a14b03/h11-0.14.0.tar.gz", hash = "sha256:8f19fbbe99e72420ff35c00b27a34cb9937e902a8b810e2c88300c6f0a3b699d"},
]
"httpcore 0.17.2" = [
    {url = "https://files.pythonhosted.org/packages/4d/32/b908f673ccef12b6425b848a541264ee3d95f5f571f18f6ab0d8c311442e/httpcore-0.17.2-py3-none-any.whl", hash = "sha256:5581b9c12379c4288fe70f43c710d16060c10080617001e6b22a3b6dbcbefd36"},
    {url = "https://files.pythonhosted.org/packages/b3/ad/7002a6f8e6ce0a246c991e00ba79b26ad06d307421a160214df24de5651f/httpcore-0.17.2.tar.gz", hash = "sha256:125f8375ab60036db632f34f4b627a9ad085048eef7cb7d2616fea0f739f98af"},
]
"httpx 0.24.1" = [
    {url = "https://files.pythonhosted.org/packages/ec/91/e41f64f03d2a13aee7e8c819d82ee3aa7cdc484d18c0ae859742597d5aa0/httpx-0.24.1-py3-none-any.whl", hash = "sha256:06781eb9ac53cde990577af654bd990a4949de37a28bdb4a230d434f3a30b9bd"},
    {url = "https://files.pythonhosted.org/packages/f8/2a/114d454cb77657dbf6a293e69390b96318930ace9cd96b51b99682493276/httpx-0.24.1.tar.gz", hash = "sha256:5853a43053df830c20f8110c5e69fe44d035d850b2dfe795e196f00fdb774bdd"},
]
"idna 3.4" = [
    {url = "https://files.pythonhosted.org/packages/8b/e1/43beb3d38dba6cb420cefa297822eac205a277ab43e5ba5d5c46faf96438/idna-3.4.tar.gz", hash = "sha256:814f528e8dead7d329833b91c5faa87d60bf71824cd12a7530b5526063d02cb4"},
    {url = "https://files.pythonhosted.org/packages/fc/34/3030de6f1370931b9dbb4dad48f6ab1015ab1d32447850b9fc94e60097be/idna-3.4-py3-none-any.whl", hash = "sha256:90b77e79eaa3eba6de819a0c442c0b4ceefc341a7a2ab77d7562bf49f425c5c2"},
]
"mypy-protobuf 3.4.0" = [
    {url = "https://files.pythonhosted.org/packages/4a/47/5bad06a9546d9b8115b4f8f1e216a6033055ad06bec0bbcbfe3918a27b70/mypy_protobuf-3.4.0-py3-none-any.whl", hash = "sha256:da33dfde7547ff57e5ba5564126cbfa114f14413b2fa50759b1fa5de1e4ab511"},
    {url = "https://files.pythonhosted.org/packages/5d/3a/189e1a3f2d378c9e23e26fe76649ad0c5530e7f3e825a71af88e1b73a365/mypy-protobuf-3.4.0.tar.gz", hash = "sha256:7d75a079651b105076776a35a5405e3fa773b8a167118f1b712e443e9a6c18a2"},
]
"protobuf 4.23.2" = [
    {url = "https://files.pythonhosted.org/packages/01/2b/d8d9f18f013869fb0ef1e10bcbe2c7d922f9852594dc16c61fd39da21231/protobuf-4.23.2-cp39-cp39-win_amd64.whl", hash = "sha256:54a533b971288af3b9926e53850c7eb186886c0c84e61daa8444385a4720297f"},
    {url = "https://files.pythonhosted.org/packages/0a/1d/c3dea2372f3c39fd44c612c88b418c08d2a08f95168a560be8f6ed4f59d7/protobuf-4.23.2-cp38-cp38-win32.whl", hash = "sha256:6c081863c379bb1741be8f8193e893511312b1d7329b4a75445d1ea9955be69e"},
    {url = "https://files.pythonhosted.org/packages/14/23/f3b852093f3a7031049313913e04431e7a32bd9752adfaf79d1193cf05b1/protobuf-4.23.2-cp37-abi3-manylinux2014_x86_64.whl", hash = "sha256:86df87016d290143c7ce3be3ad52d055714ebaebb57cc659c387e76cfacd81aa"},
    {url = "https://files.pythonhosted.org/packages/1d/af/4e351c0157d5a0440dc3ac0b3c1fdaa036b3b446bf98310b5e3d6d9d2733/protobuf-4.23.2-py3-none-any.whl", hash = "sha256:8da6070310d634c99c0db7df48f10da495cc283fd9e9234877f0cd182d43ab7f"},
    {url = "https://files.pythonhosted.org/packages/5b/bc/d858096c9867968b184048a1c4048aa7fa95c69f3b7d10ea18d1061c7e65/protobuf-4.23.2-cp37-cp37m-win32.whl", hash = "sha256:281342ea5eb631c86697e1e048cb7e73b8a4e85f3299a128c116f05f5c668f8f"},
    {url = "https://files.pythonhosted.org/packages/7f/2e/49d5a453d68febffbb602ad985b7432377e36bdf47198c6ab05021b33016/protobuf-4.23.2.tar.gz", hash = "sha256:20874e7ca4436f683b64ebdbee2129a5a2c301579a67d1a7dda2cdf62fb7f5f7"},
    {url = "https://files.pythonhosted.org/packages/8b/e8/778843c7d969167a8be2967a19f55b50ee286fe44ceac17283beafc27fae/protobuf-4.23.2-cp37-abi3-macosx_10_9_universal2.whl", hash = "sha256:b2cfab63a230b39ae603834718db74ac11e52bccaaf19bf20f5cce1a84cf76df"},
    {url = "https://files.pythonhosted.org/packages/b2/0b/5dad6967d12c4333c3389fb0648e32a143296b4c8e93dd6330da7cb51c71/protobuf-4.23.2-cp39-cp39-win32.whl", hash = "sha256:efabbbbac1ab519a514579ba9ec52f006c28ae19d97915951f69fa70da2c9e91"},
    {url = "https://files.pythonhosted.org/packages/b4/39/be34246e573270e3db7bc74690ddfdaf5d5b267129d657d278949a496572/protobuf-4.23.2-cp37-abi3-manylinux2014_aarch64.whl", hash = "sha256:c52cfcbfba8eb791255edd675c1fe6056f723bf832fa67f0442218f8817c076e"},
    {url = "https://files.pythonhosted.org/packages/b5/c6/8b23679288c7135d1be7972e7c1435ea21be8b380d8b88b5627f7dc58851/protobuf-4.23.2-cp310-abi3-win32.whl", hash = "sha256:384dd44cb4c43f2ccddd3645389a23ae61aeb8cfa15ca3a0f60e7c3ea09b28b3"},
    {url = "https://files.pythonhosted.org/packages/be/13/dcec82bd1799f0be81217eb78eaa0db5d47c1b90acaee03417d2aa888a41/protobuf-4.23.2-cp37-cp37m-win_amd64.whl", hash = "sha256:ce744938406de1e64b91410f473736e815f28c3b71201302612a68bf01517fea"},
    {url = "https://files.pythonhosted.org/packages/e7/ed/7472101221493605af740238fa72bd10c9965e05c50b3ef7904c7cad712c/protobuf-4.23.2-cp310-abi3-win_amd64.whl", hash = "sha256:09310bce43353b46d73ba7e3bca78273b9bc50349509b9698e64d288c6372c2a"},
    {url = "https://files.pythonhosted.org/packages/f2/07/9f7717f8b8a1bfd00d50c367ff8cc1ad23bde1106f914e5e74c7fb18bd92/protobuf-4.23.2-cp38-cp38-win_amd64.whl", hash = "sha256:25e3370eda26469b58b602e29dff069cfaae8eaa0ef4550039cc5ef8dc004511"},
]
"pyasn1 0.5.0" = [
    {url = "https://files.pythonhosted.org/packages/14/e5/b56a725cbde139aa960c26a1a3ca4d4af437282e20b5314ee6a3501e7dfc/pyasn1-0.5.0-py2.py3-none-any.whl", hash = "sha256:87a2121042a1ac9358cabcaf1d07680ff97ee6404333bacca15f76aa8ad01a57"},
    {url = "https://files.pythonhosted.org/packages/61/ef/945a8bcda7895717c8ba4688c08a11ef6454f32b8e5cb6e352a9004ee89d/pyasn1-0.5.0.tar.gz", hash = "sha256:97b7290ca68e62a832558ec3976f15cbf911bf5d7c7039d8b861c2a0ece69fde"},
]
"rsa 4.9" = [
    {url = "https://files.pythonhosted.org/packages/49/97/fa78e3d2f65c02c8e1268b9aba606569fe97f6c8f7c2d74394553347c145/rsa-4.9-py3-none-any.whl", hash = "sha256:90260d9058e514786967344d0ef75fa8727eed8a7d2e43ce9f4bcf1b536174f7"},
    {url = "https://files.pythonhosted.org/packages/aa/65/7d973b89c4d2351d7fb232c2e452547ddfa243e93131e7cfa766da627b52/rsa-4.9.tar.gz", hash = "sha256:e38464a49c6c85d7f1351b0126661487a7e0a14a50f1675ec50eb34d4f20ef21"},
]
"setuptools 67.8.0" = [
    {url = "https://files.pythonhosted.org/packages/03/20/630783571e76e5fa5f3e9f29398ca3ace377207b8196b54e0ffdf09f12c1/setuptools-67.8.0.tar.gz", hash = "sha256:62642358adc77ffa87233bc4d2354c4b2682d214048f500964dbe760ccedf102"},
    {url = "https://files.pythonhosted.org/packages/f5/2c/074ab1c5be9c7d523d8d6d69d1f46f450fe7f11713147dc9e779aa4ca4ea/setuptools-67.8.0-py3-none-any.whl", hash = "sha256:5df61bf30bb10c6f756eb19e7c9f3b473051f48db77fddbe06ff2ca307df9a6f"},
]
"sniffio 1.3.0" = [
    {url = "https://files.pythonhosted.org/packages/c3/a0/5dba8ed157b0136607c7f2151db695885606968d1fae123dc3391e0cfdbf/sniffio-1.3.0-py3-none-any.whl", hash = "sha256:eecefdce1e5bbfb7ad2eeaabf7c1eeb404d7757c379bd1f7e5cce9d8bf425384"},
    {url = "https://files.pythonhosted.org/packages/cd/50/d49c388cae4ec10e8109b1b833fd265511840706808576df3ada99ecb0ac/sniffio-1.3.0.tar.gz", hash = "sha256:e60305c5e5d314f5389259b7f22aaa33d8f7dee49763119234af3755c55b9101"},
]
"types-protobuf 4.23.0.1" = [
    {url = "https://files.pythonhosted.org/packages/e0/06/92f7b78bb02e511a2eb651bff19fa1d18f29a28e30f6366e69da2c833a1a/types-protobuf-4.23.0.1.tar.gz", hash = "sha256:7bd5ea122a057b11a82b785d9de464932a1e9175fe977a4128adef11d7f35547"},
    {url = "https://files.pythonhosted.org/packages/ff/46/eab94a15512a21e9e89df47de5777383977f3da2d5e4df66b19bf7510c68/types_protobuf-4.23.0.1-py3-none-any.whl", hash = "sha256:c926104f69ea62103846681b35b690d8d100ecf86c6cdda16c850a1313a272e4"},
]
"typing-extensions 4.6.3" = [
    {url = "https://files.pythonhosted.org/packages/42/56/cfaa7a5281734dadc842f3a22e50447c675a1c5a5b9f6ad8a07b467bffe7/typing_extensions-4.6.3.tar.gz", hash = "sha256:d91d5919357fe7f681a9f2b5b4cb2a5f1ef0a1e9f59c4d8ff0d3491e05c0ffd5"},
    {url = "https://files.pythonhosted.org/packages/5f/86/d9b1518d8e75b346a33eb59fa31bdbbee11459a7e2cc5be502fa779e96c5/typing_extensions-4.6.3-py3-none-any.whl", hash = "sha256:88a4153d8505aabbb4e13aacb7c486c2b4a33ca3b3f807914a9b4c844c471c26"},
]
