# This file is @generated by PDM.
# It is not intended for manual editing.

[[package]]
name = "anyio"
version = "3.7.0"
requires_python = ">=3.7"
summary = "High level compatibility layer for multiple asynchronous event loop implementations"
dependencies = [
    "exceptiongroup; python_version < \"3.11\"",
    "idna>=2.8",
    "sniffio>=1.1",
]

[[package]]
name = "certifi"
version = "2023.5.7"
requires_python = ">=3.6"
summary = "Python package for providing Mozilla's CA Bundle."

[[package]]
name = "exceptiongroup"
version = "1.1.1"
requires_python = ">=3.7"
summary = "Backport of PEP 654 (exception groups)"

[[package]]
name = "grpcio"
version = "1.56.2"
requires_python = ">=3.7"
summary = "HTTP/2-based RPC framework"

[[package]]
name = "grpcio-tools"
version = "1.56.2"
requires_python = ">=3.7"
summary = "Protobuf code generator for gRPC"
dependencies = [
    "grpcio>=1.56.2",
    "protobuf<5.0dev,>=4.21.6",
    "setuptools",
]

[[package]]
name = "h11"
version = "0.14.0"
requires_python = ">=3.7"
summary = "A pure-Python, bring-your-own-I/O implementation of HTTP/1.1"

[[package]]
name = "httpcore"
version = "0.17.2"
requires_python = ">=3.7"
summary = "A minimal low-level HTTP client."
dependencies = [
    "anyio<5.0,>=3.0",
    "certifi",
    "h11<0.15,>=0.13",
    "sniffio==1.*",
]

[[package]]
name = "httpx"
version = "0.24.1"
requires_python = ">=3.7"
summary = "The next generation HTTP client."
dependencies = [
    "certifi",
    "httpcore<0.18.0,>=0.15.0",
    "idna",
    "sniffio",
]

[[package]]
name = "idna"
version = "3.4"
requires_python = ">=3.5"
summary = "Internationalized Domain Names in Applications (IDNA)"

[[package]]
name = "mypy-protobuf"
version = "3.4.0"
requires_python = ">=3.7"
summary = "Generate mypy stub files from protobuf specs"
dependencies = [
    "protobuf>=4.21.8",
    "types-protobuf>=3.20.4",
]

[[package]]
name = "protobuf"
version = "4.23.4"
requires_python = ">=3.7"
summary = ""

[[package]]
name = "pyasn1"
version = "0.5.0"
requires_python = "!=3.0.*,!=3.1.*,!=3.2.*,!=3.3.*,!=3.4.*,!=3.5.*,>=2.7"
summary = "Pure-Python implementation of ASN.1 types and DER/BER/CER codecs (X.208)"

[[package]]
name = "rsa"
version = "4.9"
requires_python = ">=3.6,<4"
summary = "Pure-Python RSA implementation"
dependencies = [
    "pyasn1>=0.1.3",
]

[[package]]
name = "setuptools"
version = "67.8.0"
requires_python = ">=3.7"
summary = "Easily download, build, install, upgrade, and uninstall Python packages"

[[package]]
name = "sniffio"
version = "1.3.0"
requires_python = ">=3.7"
summary = "Sniff out which async library your code is running under"

[[package]]
name = "types-protobuf"
version = "4.23.0.1"
summary = "Typing stubs for protobuf"

[metadata]
lock_version = "4.2"
cross_platform = true
groups = ["default", "dev"]
content_hash = "sha256:5af83823a415b3fe33a6c86e0ece992260f98962b3e940d25718112812b6b774"

[metadata.files]
"anyio 3.7.0" = [
    {url = "https://files.pythonhosted.org/packages/68/fe/7ce1926952c8a403b35029e194555558514b365ad77d75125f521a2bec62/anyio-3.7.0-py3-none-any.whl", hash = "sha256:eddca883c4175f14df8aedce21054bfca3adb70ffe76a9f607aef9d7fa2ea7f0"},
    {url = "https://files.pythonhosted.org/packages/c6/b3/fefbf7e78ab3b805dec67d698dc18dd505af7a18a8dd08868c9b4fa736b5/anyio-3.7.0.tar.gz", hash = "sha256:275d9973793619a5374e1c89a4f4ad3f4b0a5510a2b5b939444bee8f4c4d37ce"},
]
"certifi 2023.5.7" = [
    {url = "https://files.pythonhosted.org/packages/93/71/752f7a4dd4c20d6b12341ed1732368546bc0ca9866139fe812f6009d9ac7/certifi-2023.5.7.tar.gz", hash = "sha256:0f0d56dc5a6ad56fd4ba36484d6cc34451e1c6548c61daad8c320169f91eddc7"},
    {url = "https://files.pythonhosted.org/packages/9d/19/59961b522e6757f0c9097e4493fa906031b95b3ebe9360b2c3083561a6b4/certifi-2023.5.7-py3-none-any.whl", hash = "sha256:c6c2e98f5c7869efca1f8916fed228dd91539f9f1b444c314c06eef02980c716"},
]
"exceptiongroup 1.1.1" = [
    {url = "https://files.pythonhosted.org/packages/61/97/17ed81b7a8d24d8f69b62c0db37abbd8c0042d4b3fc429c73dab986e7483/exceptiongroup-1.1.1-py3-none-any.whl", hash = "sha256:232c37c63e4f682982c8b6459f33a8981039e5fb8756b2074364e5055c498c9e"},
    {url = "https://files.pythonhosted.org/packages/cc/38/57f14ddc8e8baeddd8993a36fe57ce7b4ba174c35048b9a6d270bb01e833/exceptiongroup-1.1.1.tar.gz", hash = "sha256:d484c3090ba2889ae2928419117447a14daf3c1231d5e30d0aae34f354f01785"},
]
"grpcio 1.56.2" = [
    {url = "https://files.pythonhosted.org/packages/05/46/deb9670dafac2ba27016c4d898edb775e3489b6bc25e3a0cfb4fd6a9cde7/grpcio-1.56.2-cp38-cp38-manylinux_2_17_aarch64.whl", hash = "sha256:d39f5d4af48c138cb146763eda14eb7d8b3ccbbec9fe86fb724cd16e0e914c64"},
    {url = "https://files.pythonhosted.org/packages/06/ed/4c7651a5af2628273a80ae55376f21c8e6fcababadfa0d6ec771aa02ee9b/grpcio-1.56.2-cp311-cp311-macosx_10_10_universal2.whl", hash = "sha256:6108e5933eb8c22cd3646e72d5b54772c29f57482fd4c41a0640aab99eb5071d"},
    {url = "https://files.pythonhosted.org/packages/08/6f/eb6d6065aeb55411e6f9e05a62dd73dbc9ebdbd54c33d1d8bcc670db7de2/grpcio-1.56.2-cp37-cp37m-manylinux_2_17_aarch64.whl", hash = "sha256:d1fbad1f9077372b6587ec589c1fc120b417b6c8ad72d3e3cc86bbbd0a3cee93"},
    {url = "https://files.pythonhosted.org/packages/0a/3c/beb0a37a0ed1073642ec59a2b6df1739d425e58557d415feebd18bd93fc3/grpcio-1.56.2-cp311-cp311-manylinux_2_17_aarch64.whl", hash = "sha256:8391cea5ce72f4a12368afd17799474015d5d3dc00c936a907eb7c7eaaea98a5"},
    {url = "https://files.pythonhosted.org/packages/14/0b/ffde0b4ec81245cbfd6b10ce03c80df5611420562347bef39f26cc1ed0cc/grpcio-1.56.2-cp310-cp310-win32.whl", hash = "sha256:06e84ad9ae7668a109e970c7411e7992751a116494cba7c4fb877656527f9a57"},
    {url = "https://files.pythonhosted.org/packages/17/5d/251662c3b88524c2f71d935934b4706aaac8dd8378321c8cb15b5a29f61c/grpcio-1.56.2-cp39-cp39-win32.whl", hash = "sha256:139f66656a762572ae718fa0d1f2dce47c05e9fbf7a16acd704c354405b97df9"},
    {url = "https://files.pythonhosted.org/packages/22/8f/61223d4e13cdeea37e8d904d174163b0ec4c7f9a98c7e35e03d27a5b87b6/grpcio-1.56.2-cp39-cp39-musllinux_1_1_x86_64.whl", hash = "sha256:cbdf2c498e077282cd427cfd88bdce4668019791deef0be8155385ab2ba7837f"},
    {url = "https://files.pythonhosted.org/packages/29/58/91d99931ac94b7a2ae68e4772993c8b7fd52b610be12f44203c3a6ed3b4c/grpcio-1.56.2-cp38-cp38-musllinux_1_1_i686.whl", hash = "sha256:3ccb621749a81dc7755243665a70ce45536ec413ef5818e013fe8dfbf5aa497b"},
    {url = "https://files.pythonhosted.org/packages/29/74/9ddbfc280793b511cf765f3fa686ad27e075b75d8068766e6c8a29dd239d/grpcio-1.56.2-cp39-cp39-manylinux_2_17_i686.manylinux2014_i686.whl", hash = "sha256:5344be476ac37eb9c9ad09c22f4ea193c1316bf074f1daf85bddb1b31fda5116"},
    {url = "https://files.pythonhosted.org/packages/2f/7e/ddf5d42c77418ebf6d57f1503084e2955e8cf1d49671372fbdff7a82cbe5/grpcio-1.56.2.tar.gz", hash = "sha256:0ff789ae7d8ddd76d2ac02e7d13bfef6fc4928ac01e1dcaa182be51b6bcc0aaa"},
    {url = "https://files.pythonhosted.org/packages/34/7e/581f7d939aeaf7bb0ba7860c5e401f1934cee523a547b91c882cb6b072f8/grpcio-1.56.2-cp37-cp37m-linux_armv7l.whl", hash = "sha256:a6ff459dac39541e6a2763a4439c4ca6bc9ecb4acc05a99b79246751f9894756"},
    {url = "https://files.pythonhosted.org/packages/39/c7/ca186f4414db098ea1dc58928762d70198bc4735d0274dd2747e01639469/grpcio-1.56.2-cp311-cp311-linux_armv7l.whl", hash = "sha256:c435f5ce1705de48e08fcbcfaf8aee660d199c90536e3e06f2016af7d6a938dd"},
    {url = "https://files.pythonhosted.org/packages/3c/cb/d850432d4ece66d88544dbae834e8bee24a7d7ed05438b4e5314ef5c6b82/grpcio-1.56.2-cp38-cp38-musllinux_1_1_x86_64.whl", hash = "sha256:4eb37dd8dd1aa40d601212afa27ca5be255ba792e2e0b24d67b8af5e012cdb7d"},
    {url = "https://files.pythonhosted.org/packages/3d/5b/0ae95c2817e0c9a510581a84c1a029fd447c7d0f289cc8b753e6ad93c216/grpcio-1.56.2-cp37-cp37m-manylinux_2_17_x86_64.manylinux2014_x86_64.whl", hash = "sha256:a4c60abd950d6de3e4f1ddbc318075654d275c29c846ab6a043d6ed2c52e4c8c"},
    {url = "https://files.pythonhosted.org/packages/3f/60/f88684771190abbb881e3611861fd2f0d4380758d72d4177b7b5ac4ef222/grpcio-1.56.2-cp37-cp37m-win_amd64.whl", hash = "sha256:42e63904ee37ae46aa23de50dac8b145b3596f43598fa33fe1098ab2cbda6ff5"},
    {url = "https://files.pythonhosted.org/packages/3f/fe/b332c682f682745230083023935a06f21e029cb8ef01900531a89b47217c/grpcio-1.56.2-cp310-cp310-win_amd64.whl", hash = "sha256:10954662f77dc36c9a1fb5cc4a537f746580d6b5734803be1e587252682cda8d"},
    {url = "https://files.pythonhosted.org/packages/47/60/bec05dbb5f8f2d61d79d4e16fb7222e7c0f25a50aaa4a9bc5dcf5df6fb38/grpcio-1.56.2-cp311-cp311-musllinux_1_1_x86_64.whl", hash = "sha256:89a49cc5ad08a38b6141af17e00d1dd482dc927c7605bc77af457b5a0fca807c"},
    {url = "https://files.pythonhosted.org/packages/4d/9b/05f40601a4c45a3b456413853baf25d65ab1c417b488fba7049e6447eb13/grpcio-1.56.2-cp38-cp38-win32.whl", hash = "sha256:ddb4a6061933bd9332b74eac0da25f17f32afa7145a33a0f9711ad74f924b1b8"},
    {url = "https://files.pythonhosted.org/packages/51/fb/b9f9bcfed50fc340a57c1cea967a42263a6ce9ae60b4ddb50b23d4b27b6c/grpcio-1.56.2-cp38-cp38-linux_armv7l.whl", hash = "sha256:7c5ede2e2558f088c49a1ddda19080e4c23fb5d171de80a726b61b567e3766ed"},
    {url = "https://files.pythonhosted.org/packages/55/68/41fc4465ed2f3fbc245d94ebfa14f7089771cd8546112fc91e46ccda2933/grpcio-1.56.2-cp311-cp311-musllinux_1_1_i686.whl", hash = "sha256:9e04d4e4cfafa7c5264e535b5d28e786f0571bea609c3f0aaab13e891e933e9c"},
    {url = "https://files.pythonhosted.org/packages/5e/12/80332b9477b6de3c568ab4e54d8488fffc1bedc0d8718e1c10341262fd7a/grpcio-1.56.2-cp310-cp310-linux_armv7l.whl", hash = "sha256:bf0b9959e673505ee5869950642428046edb91f99942607c2ecf635f8a4b31c9"},
    {url = "https://files.pythonhosted.org/packages/6c/30/503b9d5a36f7f10a77207f1cb3baf13545251efa4283fd161138072c9db9/grpcio-1.56.2-cp311-cp311-manylinux_2_17_i686.manylinux2014_i686.whl", hash = "sha256:750de923b456ca8c0f1354d6befca45d1f3b3a789e76efc16741bd4132752d95"},
    {url = "https://files.pythonhosted.org/packages/6f/7c/31ba9f1c7b69bf19af397ede96b4b599ab28217cfa3bc1bbb489cde51304/grpcio-1.56.2-cp310-cp310-manylinux_2_17_aarch64.whl", hash = "sha256:a72797549935c9e0b9bc1def1768c8b5a709538fa6ab0678e671aec47ebfd55e"},
    {url = "https://files.pythonhosted.org/packages/73/11/9201e5fad4db2fb8866de0cd434aa5b81870370ae4ea2c3a00b19bc6351e/grpcio-1.56.2-cp38-cp38-manylinux_2_17_x86_64.manylinux2014_x86_64.whl", hash = "sha256:c90da4b124647547a68cf2f197174ada30c7bb9523cb976665dfd26a9963d328"},
    {url = "https://files.pythonhosted.org/packages/79/2a/3e5deebbb4d495a303006fdb81775594ac63e02ef1c82349627202b2ea3d/grpcio-1.56.2-cp37-cp37m-musllinux_1_1_x86_64.whl", hash = "sha256:345356b307cce5d14355e8e055b4ca5f99bc857c33a3dc1ddbc544fca9cd0475"},
    {url = "https://files.pythonhosted.org/packages/7e/56/b2e87698c14e180936bc5907000d08ce93f955f9e1509e9667002a2d93b9/grpcio-1.56.2-cp39-cp39-linux_armv7l.whl", hash = "sha256:51173e8fa6d9a2d85c14426bdee5f5c4a0654fd5fddcc21fe9d09ab0f6eb8b35"},
    {url = "https://files.pythonhosted.org/packages/7f/03/07b8edbd4d8c463627ac74acf4c3f6d70df07660b0010801f9f06798ed05/grpcio-1.56.2-cp310-cp310-manylinux_2_17_i686.manylinux2014_i686.whl", hash = "sha256:c3f3237a57e42f79f1e560726576aedb3a7ef931f4e3accb84ebf6acc485d316"},
    {url = "https://files.pythonhosted.org/packages/86/dc/af2d02f83fa7d7dc80952c0557f8b7b8301d386d41518be7e131810ffb89/grpcio-1.56.2-cp39-cp39-macosx_10_10_universal2.whl", hash = "sha256:373b48f210f43327a41e397391715cd11cfce9ded2fe76a5068f9bacf91cc226"},
    {url = "https://files.pythonhosted.org/packages/87/54/7a97a5f6db4ffc06816e7cddb7e62ae24fef2de90c7a69affc8a1284b01e/grpcio-1.56.2-cp37-cp37m-musllinux_1_1_i686.whl", hash = "sha256:1c31e52a04e62c8577a7bf772b3e7bed4df9c9e0dd90f92b6ffa07c16cab63c9"},
    {url = "https://files.pythonhosted.org/packages/91/96/905fdd4d9234491ef8ead5800e26aec4632425748bce949451cd81fed219/grpcio-1.56.2-cp310-cp310-musllinux_1_1_x86_64.whl", hash = "sha256:c0c85c5cbe8b30a32fa6d802588d55ffabf720e985abe9590c7c886919d875d4"},
    {url = "https://files.pythonhosted.org/packages/a4/7c/ce6f5917d926cb83c2c28dd4c9a3fba3b3fadf5e12e333a692aefdc6742e/grpcio-1.56.2-cp39-cp39-manylinux_2_17_aarch64.whl", hash = "sha256:42a3bbb2bc07aef72a7d97e71aabecaf3e4eb616d39e5211e2cfe3689de860ca"},
    {url = "https://files.pythonhosted.org/packages/a7/a1/28173a3ea544075159f968f6a80b455c6c06381084878b9cdce31acf3cf6/grpcio-1.56.2-cp310-cp310-manylinux_2_17_x86_64.manylinux2014_x86_64.whl", hash = "sha256:900bc0096c2ca2d53f2e5cebf98293a7c32f532c4aeb926345e9747452233950"},
    {url = "https://files.pythonhosted.org/packages/ad/18/f0dba53b6f674ebb8b36af02788c503e3907244ce6507ff2939ad0d65e3c/grpcio-1.56.2-cp39-cp39-musllinux_1_1_i686.whl", hash = "sha256:b975b85d1d5efc36cf8b237c5f3849b64d1ba33d6282f5e991f28751317504a1"},
    {url = "https://files.pythonhosted.org/packages/ae/db/95f02013559bb354ac51dc0f4f302f71d42d0e03ac86b50001233ed07533/grpcio-1.56.2-cp39-cp39-win_amd64.whl", hash = "sha256:830215173ad45d670140ff99aac3b461f9be9a6b11bee1a17265aaaa746a641a"},
    {url = "https://files.pythonhosted.org/packages/b4/29/3ab0489eb3c5dde0a5f05298c70c11a409d3aa5ac02544dc9b8ab8f58e3f/grpcio-1.56.2-cp311-cp311-manylinux_2_17_x86_64.manylinux2014_x86_64.whl", hash = "sha256:fda2783c12f553cdca11c08e5af6eecbd717280dc8fbe28a110897af1c15a88c"},
    {url = "https://files.pythonhosted.org/packages/b4/b4/26e15566b40e70b663f04c9ac6f09c807bbb4974ac2e5febbee8a7f1603c/grpcio-1.56.2-cp37-cp37m-macosx_10_10_universal2.whl", hash = "sha256:f20fd21f7538f8107451156dd1fe203300b79a9ddceba1ee0ac8132521a008ed"},
    {url = "https://files.pythonhosted.org/packages/b4/fb/0d7cba2f198da9ebc7e7322c0e0bb6530733d3b3f574041ccc5df25dad4e/grpcio-1.56.2-cp37-cp37m-manylinux_2_17_i686.manylinux2014_i686.whl", hash = "sha256:6ee26e9dfb3996aff7c870f09dc7ad44a5f6732b8bdb5a5f9905737ac6fd4ef1"},
    {url = "https://files.pythonhosted.org/packages/bd/61/7c70bdbaa007222a3a143e40c99630dc43143838b5fcd38f8e5be7a38cc3/grpcio-1.56.2-cp38-cp38-macosx_10_10_universal2.whl", hash = "sha256:33971197c47965cc1d97d78d842163c283e998223b151bab0499b951fd2c0b12"},
    {url = "https://files.pythonhosted.org/packages/c2/68/4903c2083173df3aa8b7da1f235fc6f0ebb27ec821bc81e4eb227311a753/grpcio-1.56.2-cp311-cp311-win32.whl", hash = "sha256:6a007a541dff984264981fbafeb052bfe361db63578948d857907df9488d8774"},
    {url = "https://files.pythonhosted.org/packages/c5/74/e31824fa3d7849974332719c35e21af7326c1a3670cace89b20bb68ac31d/grpcio-1.56.2-cp310-cp310-macosx_12_0_universal2.whl", hash = "sha256:5144feb20fe76e73e60c7d73ec3bf54f320247d1ebe737d10672480371878b48"},
    {url = "https://files.pythonhosted.org/packages/d0/ca/6b23dab7931171f8f95940651d3d9b19a20b4809d59d7e689025e3490b4f/grpcio-1.56.2-cp38-cp38-win_amd64.whl", hash = "sha256:8940d6de7068af018dfa9a959a3510e9b7b543f4c405e88463a1cbaa3b2b379a"},
    {url = "https://files.pythonhosted.org/packages/d5/44/03fbc37266505d089d55a78b59e3b33fc1d63cfe97c784f0a031dc3da626/grpcio-1.56.2-cp38-cp38-manylinux_2_17_i686.manylinux2014_i686.whl", hash = "sha256:ded637176addc1d3eef35331c39acc598bac550d213f0a1bedabfceaa2244c87"},
    {url = "https://files.pythonhosted.org/packages/dd/10/26829ba71579a0248ad32211c2964fc389800ec58a9de8822b9a733cd800/grpcio-1.56.2-cp311-cp311-win_amd64.whl", hash = "sha256:af4063ef2b11b96d949dccbc5a987272f38d55c23c4c01841ea65a517906397f"},
    {url = "https://files.pythonhosted.org/packages/f5/f6/57fbd39af17aaae321109411ef2faf121768473ebc1bbf3694b06d3282c8/grpcio-1.56.2-cp39-cp39-manylinux_2_17_x86_64.manylinux2014_x86_64.whl", hash = "sha256:c3fa3ab0fb200a2c66493828ed06ccd1a94b12eddbfb985e7fd3e5723ff156c6"},
    {url = "https://files.pythonhosted.org/packages/fa/0d/6e96b768a2d0f06858685d0ca2b7a912633198a4f9934b924492ea0b25ea/grpcio-1.56.2-cp310-cp310-musllinux_1_1_i686.whl", hash = "sha256:97e0efaebbfd222bcaac2f1735c010c1d3b167112d9d237daebbeedaaccf3d1d"},
]
"grpcio-tools 1.56.2" = [
    {url = "https://files.pythonhosted.org/packages/01/ee/fc1af59bc661047b647037e807d698d0f7418095be7a3deee1e8f0779710/grpcio_tools-1.56.2-cp310-cp310-macosx_12_0_universal2.whl", hash = "sha256:a8735d7aa34be99dddfbd476eff6005e684bb2c893c0f62a5811528b84c5b371"},
    {url = "https://files.pythonhosted.org/packages/06/a3/ac4c38e2a59cca7500e99cfbbc369507e3da8088a31d34bf190d5a90f509/grpcio_tools-1.56.2-cp311-cp311-manylinux_2_17_x86_64.manylinux2014_x86_64.whl", hash = "sha256:41af279cf5359b123138236c0980440f4cb4d3d18f03b5c1c314cc1512048351"},
    {url = "https://files.pythonhosted.org/packages/0e/2e/b4a4ac08167fc38f419b43fce8094d53263647ead954c0f09dd833c27616/grpcio_tools-1.56.2-cp310-cp310-linux_armv7l.whl", hash = "sha256:42272376e9a5a1c631863cda056c143c98d21e5b670db5c8c5b7ed0ba3a1a6eb"},
    {url = "https://files.pythonhosted.org/packages/0f/07/d361f6e5d0821b4eb462a05602cd841f5b67854978f07b7d9ab88634fd63/grpcio_tools-1.56.2-cp37-cp37m-manylinux_2_17_aarch64.whl", hash = "sha256:31d1183d28ffc8da242333cb9f683f5093941da80dd5281db0fa93077aecb518"},
    {url = "https://files.pythonhosted.org/packages/11/15/65d86f34fb316d606be4f8364645a84deb60772390eae3265525ce725f3d/grpcio_tools-1.56.2-cp39-cp39-manylinux_2_17_aarch64.whl", hash = "sha256:14120fb2c6f7894fac5b689934368c692ec50f50a320e8073277ab7778fd612f"},
    {url = "https://files.pythonhosted.org/packages/14/aa/5ded66db12d830f3d73405169ea5a230f8c10b6aabcf2aaa90453f1dc1f8/grpcio_tools-1.56.2-cp37-cp37m-musllinux_1_1_x86_64.whl", hash = "sha256:bec47db5d8b5c3b2a44afdbc3f3bf306e34279289a206d20222824381ca3cb13"},
    {url = "https://files.pythonhosted.org/packages/1a/36/31426616863f132eb740b9fa6a0fad96e1b58188df8717f662eee17bfa3a/grpcio_tools-1.56.2-cp311-cp311-macosx_10_10_universal2.whl", hash = "sha256:e7009623635ebcd3dd7fe974883fc2d9a3ff0fcef419bfc0a2da8071b372d9f5"},
    {url = "https://files.pythonhosted.org/packages/1d/7e/63b2cdd9622ca1ec1ab48c6565a9120ee2e06d6c7ff17f10ebfa37b05715/grpcio_tools-1.56.2-cp38-cp38-manylinux_2_17_aarch64.whl", hash = "sha256:54da410124547bacb97a54546c1a95f1af0125e48edc8b5679412ef8b2844f81"},
    {url = "https://files.pythonhosted.org/packages/23/e4/4fbd220a12e3ad6ea76d9cdf077f71153e389a990088e0bc9c3445c8b9b6/grpcio_tools-1.56.2-cp37-cp37m-musllinux_1_1_i686.whl", hash = "sha256:3a74a5e4fc8121a51401665f96f9a70aee50a2f1221e4a199e67b3b8f55881e8"},
    {url = "https://files.pythonhosted.org/packages/27/81/6e95d852a3484e58d54a5424a739fda5283367187deb0c4b05f11a596fb1/grpcio_tools-1.56.2-cp311-cp311-musllinux_1_1_i686.whl", hash = "sha256:857d72e991d449ec4d2f8337e5e24ddf77b4539965f5cabc84d4b63585832982"},
    {url = "https://files.pythonhosted.org/packages/2b/47/0ea575abb273e7338c900f87fe596e737aa731768f08ec49c0aeba5e64c4/grpcio_tools-1.56.2-cp311-cp311-manylinux_2_17_aarch64.whl", hash = "sha256:c7ca2272022f90b73efe900244aaebe9dd7cf3b379e99e08a88984e2fdd229c2"},
    {url = "https://files.pythonhosted.org/packages/34/d4/a052038e314af7e691cbf048e45c9fea0ba1b5d6f583054d24219f31ed4b/grpcio_tools-1.56.2-cp310-cp310-win_amd64.whl", hash = "sha256:2037109c1ce253a8e013c9e3ad3722e887d28a1807acdeb1a51b295c8200137b"},
    {url = "https://files.pythonhosted.org/packages/38/50/bf6975f388325381378fcbf57766d36654d149b4a6d95ce481e69ccfdeb5/grpcio_tools-1.56.2-cp39-cp39-win32.whl", hash = "sha256:506d00a86950adf4017395551a4547c0b7fcefa90e4c220135fc3e34e31be81b"},
    {url = "https://files.pythonhosted.org/packages/39/a2/ea95bdc99687a454bbfa60f0eeeda151ee0911b6d27ea59fd83d1b587558/grpcio-tools-1.56.2.tar.gz", hash = "sha256:82af2f4040084141a732f0ef1ecf3f14fdf629923d74d850415e4d09a077e77a"},
    {url = "https://files.pythonhosted.org/packages/3c/0a/13f28e02ad8d93d23580f26a34694179a02170b6cc726c3a6d0fde5c0213/grpcio_tools-1.56.2-cp311-cp311-manylinux_2_17_i686.manylinux2014_i686.whl", hash = "sha256:493775d17ea09cea6047ba81e4d3f0eb82e34d2fbd3b96e43f72b44ce74726ee"},
    {url = "https://files.pythonhosted.org/packages/3d/d0/12026cee2c0786819378aba609b1f5666ab33a2e720085110003680a7962/grpcio_tools-1.56.2-cp311-cp311-win_amd64.whl", hash = "sha256:ea5d108d28b4cd2e28539241c6aee96bda83086d8888c36785d9f84ea690d896"},
    {url = "https://files.pythonhosted.org/packages/4e/d9/a1e28c4f3ad882819dbf5b6b92911ba9e762a8a98638cb5af23b0edd3a6b/grpcio_tools-1.56.2-cp39-cp39-win_amd64.whl", hash = "sha256:8da04f033b8f4c597e8fc990e2f626bad2b269227bdd554592ea618f624f1aa9"},
    {url = "https://files.pythonhosted.org/packages/53/be/32e6d14a4e3ae964594920efa5f43a8a62a5e8461e2c740f3b47b8dba9bb/grpcio_tools-1.56.2-cp310-cp310-musllinux_1_1_x86_64.whl", hash = "sha256:7a26160bc0ea5b464715789d4d2a66f01816271677673d65da39bac65b9ea838"},
    {url = "https://files.pythonhosted.org/packages/53/c9/3ef9dc8f94647415fec95a88edd05153496eb5db99bca21abccad9f09537/grpcio_tools-1.56.2-cp310-cp310-musllinux_1_1_i686.whl", hash = "sha256:13388a22fcba9a1a87f217130a1a01365716af74bd5d0a8a54fc383b8e048ef2"},
    {url = "https://files.pythonhosted.org/packages/68/b2/f2a0f076d70c3a1db9ad5f69c787693eb410050ca05828a8a93768839657/grpcio_tools-1.56.2-cp37-cp37m-linux_armv7l.whl", hash = "sha256:28444615b7a76b3d9267f81d1487fcad21a581d00564164d9e25ccc28635a811"},
    {url = "https://files.pythonhosted.org/packages/74/46/c75fef3651319b4247f695607da02e2c1d4a555ff018be87539484d072e9/grpcio_tools-1.56.2-cp37-cp37m-manylinux_2_17_x86_64.manylinux2014_x86_64.whl", hash = "sha256:24fc857252181c9950ed2d8cee3df5bd0f42861c4ad0db2a57400186827f96e5"},
    {url = "https://files.pythonhosted.org/packages/78/55/fe368e0fbe314607ff7121f27a80ce93f2584b65f7e9711f07751ec711b8/grpcio_tools-1.56.2-cp38-cp38-win_amd64.whl", hash = "sha256:878b9269ceb0dd934b61697a9dd9a5c3e9552521e8f46ab32cf4d72a223f7b6c"},
    {url = "https://files.pythonhosted.org/packages/79/90/118a871dcd28dbeb1f0c051907e8e6723d202264a70aefaf1bedeb2dd8ee/grpcio_tools-1.56.2-cp39-cp39-musllinux_1_1_i686.whl", hash = "sha256:ffae7df3318266614f7aa440acb2098c064b6b5ae061fc22125092386349e526"},
    {url = "https://files.pythonhosted.org/packages/7e/1d/b09a6d60f3efbde25e6a5b60e1517760f3a2e94a6093aa7cc446545c9b7e/grpcio_tools-1.56.2-cp38-cp38-linux_armv7l.whl", hash = "sha256:0a4f9cce5a16613b6d3123c89f9d50e0d13b466799af17bc723dc7d2901a54e4"},
    {url = "https://files.pythonhosted.org/packages/83/5a/8dffb622a93ac63f9448a62bb1a04c1ae712c863075fa03d394d60565127/grpcio_tools-1.56.2-cp38-cp38-manylinux_2_17_i686.manylinux2014_i686.whl", hash = "sha256:5223668649172d879ee780253b8e4a79144c56a3cc1bb021847f583508c2b0be"},
    {url = "https://files.pythonhosted.org/packages/84/b6/68ec7446ee475a18a21dc62ccc128f2703cdba94bc12fbcf9dde8c69a138/grpcio_tools-1.56.2-cp311-cp311-musllinux_1_1_x86_64.whl", hash = "sha256:c0640728d63c9fa56e9a1679943ae4e33ad43a10802dd7a93255870731f44d07"},
    {url = "https://files.pythonhosted.org/packages/88/52/42bf44dab4f655d5eb33aa0dc63d42bdcab520d25f0e5308a14327ee224a/grpcio_tools-1.56.2-cp38-cp38-win32.whl", hash = "sha256:4056ff13e30813d42a30ce1cdfeaeb6bbee915515c161c1df896dac3143ae643"},
    {url = "https://files.pythonhosted.org/packages/8c/8e/6706f01ca2134afcb2563d8a29cacfa8aec7727331b34a0a391bf2d5fec2/grpcio_tools-1.56.2-cp38-cp38-manylinux_2_17_x86_64.manylinux2014_x86_64.whl", hash = "sha256:483256d5f5be6a77b24d8a5f06ca152d1571c62bf5c738834da61107c7563afe"},
    {url = "https://files.pythonhosted.org/packages/a8/7f/3753d8d99b1f41f9590dce0784b1cd6fcb650bb7b2d51275003204b52c6c/grpcio_tools-1.56.2-cp37-cp37m-win_amd64.whl", hash = "sha256:c0dbaac63a25c088f864295f394230eeb7be48dac2264433fda2603f86c36b25"},
    {url = "https://files.pythonhosted.org/packages/a9/18/05b6135ceecdf0b4258b5cd864b0ffc89f720e8eba853b258d612b076794/grpcio_tools-1.56.2-cp311-cp311-linux_armv7l.whl", hash = "sha256:6dc43300189a69807857c52a3d782e9d3bbfb1cb72dcb27b4043c25161919601"},
    {url = "https://files.pythonhosted.org/packages/ac/a4/88d6e10502f85eb0062312bc058ad9e2b3a3f8303d84ad0e64551fdfbf34/grpcio_tools-1.56.2-cp39-cp39-manylinux_2_17_i686.manylinux2014_i686.whl", hash = "sha256:014da3ed176beb2b1c8430ccc34c8fe962cdd5480e56fb4ab9de60e60c315f3f"},
    {url = "https://files.pythonhosted.org/packages/b1/98/123010f1e5569169ca3d2f2fbe50eacc388630894e3cfef13c45bcb0925b/grpcio_tools-1.56.2-cp39-cp39-macosx_10_10_universal2.whl", hash = "sha256:778224fcbc1cc7eaf222ce94676afbac8d72b4f84cf4239e30b01d2450a46126"},
    {url = "https://files.pythonhosted.org/packages/b9/1b/9a46da916f48ad9cb75ff179a4e075197bf8af36a07f9e2e88c7c0fca9c8/grpcio_tools-1.56.2-cp39-cp39-musllinux_1_1_x86_64.whl", hash = "sha256:7d86e24eb6e3973c55e9c74412ff755d1b9d15518c4eaf95676acff49d0162a2"},
    {url = "https://files.pythonhosted.org/packages/bc/8a/b041da524888f7819860606b561b09b8741def3e5d682e1008ac9455f12f/grpcio_tools-1.56.2-cp38-cp38-musllinux_1_1_x86_64.whl", hash = "sha256:26751f69cbbc8ea19cf0657b7d109a6db7df81f80caf16380ebcd20eea27652c"},
    {url = "https://files.pythonhosted.org/packages/bf/09/d44642c8c6831a47f8e802ca6bc2b4a0eb15d4bf95604f32cfb3ef6785d8/grpcio_tools-1.56.2-cp310-cp310-manylinux_2_17_aarch64.whl", hash = "sha256:68ef3aa7509e5e7a6e7c0ecc183e28118e73da4bef0fc77079648601ce35e58f"},
    {url = "https://files.pythonhosted.org/packages/d2/fa/95067f39da61091247723f65574d5fbcfafd678c608f63c81992086dd76e/grpcio_tools-1.56.2-cp37-cp37m-macosx_10_10_universal2.whl", hash = "sha256:45d8b5ad6716848d5b68d9cee29a1a9c5c4baa1824ec5b92d9e35acedddba076"},
    {url = "https://files.pythonhosted.org/packages/e2/05/16c27aa7a707a432709faee28c70842357005afc6061497f6e4ffc1f2d11/grpcio_tools-1.56.2-cp38-cp38-macosx_10_10_universal2.whl", hash = "sha256:ea5fc1b49514b44a3e5a45156c025002f172ade4c509e58c51967865c7c6fa45"},
    {url = "https://files.pythonhosted.org/packages/e2/a0/39f27693f5ebaef1506d4f2495fef8c830fe5da77d9d06f7dc88d7d62281/grpcio_tools-1.56.2-cp310-cp310-manylinux_2_17_i686.manylinux2014_i686.whl", hash = "sha256:380985b8d95ea2469e103945bd83a815d1213e370f580631fdd5a3dbaa17e446"},
    {url = "https://files.pythonhosted.org/packages/e7/e8/2f84cd30620363ecafe8579fbae22675c146443720149f82ea1128512c36/grpcio_tools-1.56.2-cp311-cp311-win32.whl", hash = "sha256:355204d1b33c7a19e7d69afda411e6595d39ba1e9cbf561770ac1d5403296554"},
    {url = "https://files.pythonhosted.org/packages/e8/73/cb70389e1a4805e06f875ff383853df8c30952aa2f6b79e44af789846deb/grpcio_tools-1.56.2-cp37-cp37m-manylinux_2_17_i686.manylinux2014_i686.whl", hash = "sha256:0059dfc9bea8f7bca69c15ca62c88904c4f907fde1137e0743b5eee054661873"},
    {url = "https://files.pythonhosted.org/packages/eb/bb/c992ec1bec40cafbf312ebf58fe4ba7131541687b21169c8222c2cabe247/grpcio_tools-1.56.2-cp310-cp310-win32.whl", hash = "sha256:ff16dd0b086e75f574dbc122e018a44dbd1c6dae3f3621ea99e8e5a6b2706e12"},
    {url = "https://files.pythonhosted.org/packages/ec/c9/4f20192400f0fd483b069e5f6bdf2b29b89b1ea27f920ffdfe82306e08bc/grpcio_tools-1.56.2-cp38-cp38-musllinux_1_1_i686.whl", hash = "sha256:1f334718eb796799bfadbac5567456fb745cee8c7b438c93b74d1ce676c6ad07"},
    {url = "https://files.pythonhosted.org/packages/ef/86/499bfeb0a1e27c5f5b0204964112f345a1b8bb262b05992b52319e381bb6/grpcio_tools-1.56.2-cp310-cp310-manylinux_2_17_x86_64.manylinux2014_x86_64.whl", hash = "sha256:6bfb375eb4f1946d68b8bc7b963c756defa31aa573a35c152a7233d06c0ad6ad"},
    {url = "https://files.pythonhosted.org/packages/f1/e2/ae66f68064ea018fd09ec50f0c5f4acf006b50e4be2f3f3ced09ab3acd16/grpcio_tools-1.56.2-cp39-cp39-linux_armv7l.whl", hash = "sha256:216e86d3a6ccc31b27fa4c12491981a0a39d4787d2358b6df05baffa40084494"},
    {url = "https://files.pythonhosted.org/packages/f4/c8/d7bf07de27e13f0270fbe1ea7e83fe93c41b2f56247d4a07c5e7942b1745/grpcio_tools-1.56.2-cp39-cp39-manylinux_2_17_x86_64.manylinux2014_x86_64.whl", hash = "sha256:8febb4f90b8fab3179f5bdaa159f1d2a20523ea17ec0d66bdec7732f9532de91"},
]
"h11 0.14.0" = [
    {url = "https://files.pythonhosted.org/packages/95/04/ff642e65ad6b90db43e668d70ffb6736436c7ce41fcc549f4e9472234127/h11-0.14.0-py3-none-any.whl", hash = "sha256:e3fe4ac4b851c468cc8363d500db52c2ead036020723024a109d37346efaa761"},
    {url = "https://files.pythonhosted.org/packages/f5/38/3af3d3633a34a3316095b39c8e8fb4853a28a536e55d347bd8d8e9a14b03/h11-0.14.0.tar.gz", hash = "sha256:8f19fbbe99e72420ff35c00b27a34cb9937e902a8b810e2c88300c6f0a3b699d"},
]
"httpcore 0.17.2" = [
    {url = "https://files.pythonhosted.org/packages/4d/32/b908f673ccef12b6425b848a541264ee3d95f5f571f18f6ab0d8c311442e/httpcore-0.17.2-py3-none-any.whl", hash = "sha256:5581b9c12379c4288fe70f43c710d16060c10080617001e6b22a3b6dbcbefd36"},
    {url = "https://files.pythonhosted.org/packages/b3/ad/7002a6f8e6ce0a246c991e00ba79b26ad06d307421a160214df24de5651f/httpcore-0.17.2.tar.gz", hash = "sha256:125f8375ab60036db632f34f4b627a9ad085048eef7cb7d2616fea0f739f98af"},
]
"httpx 0.24.1" = [
    {url = "https://files.pythonhosted.org/packages/ec/91/e41f64f03d2a13aee7e8c819d82ee3aa7cdc484d18c0ae859742597d5aa0/httpx-0.24.1-py3-none-any.whl", hash = "sha256:06781eb9ac53cde990577af654bd990a4949de37a28bdb4a230d434f3a30b9bd"},
    {url = "https://files.pythonhosted.org/packages/f8/2a/114d454cb77657dbf6a293e69390b96318930ace9cd96b51b99682493276/httpx-0.24.1.tar.gz", hash = "sha256:5853a43053df830c20f8110c5e69fe44d035d850b2dfe795e196f00fdb774bdd"},
]
"idna 3.4" = [
    {url = "https://files.pythonhosted.org/packages/8b/e1/43beb3d38dba6cb420cefa297822eac205a277ab43e5ba5d5c46faf96438/idna-3.4.tar.gz", hash = "sha256:814f528e8dead7d329833b91c5faa87d60bf71824cd12a7530b5526063d02cb4"},
    {url = "https://files.pythonhosted.org/packages/fc/34/3030de6f1370931b9dbb4dad48f6ab1015ab1d32447850b9fc94e60097be/idna-3.4-py3-none-any.whl", hash = "sha256:90b77e79eaa3eba6de819a0c442c0b4ceefc341a7a2ab77d7562bf49f425c5c2"},
]
"mypy-protobuf 3.4.0" = [
    {url = "https://files.pythonhosted.org/packages/4a/47/5bad06a9546d9b8115b4f8f1e216a6033055ad06bec0bbcbfe3918a27b70/mypy_protobuf-3.4.0-py3-none-any.whl", hash = "sha256:da33dfde7547ff57e5ba5564126cbfa114f14413b2fa50759b1fa5de1e4ab511"},
    {url = "https://files.pythonhosted.org/packages/5d/3a/189e1a3f2d378c9e23e26fe76649ad0c5530e7f3e825a71af88e1b73a365/mypy-protobuf-3.4.0.tar.gz", hash = "sha256:7d75a079651b105076776a35a5405e3fa773b8a167118f1b712e443e9a6c18a2"},
]
"protobuf 4.23.4" = [
    {url = "https://files.pythonhosted.org/packages/01/cb/445b3e465abdb8042a41957dc8f60c54620dc7540dbcf9b458a921531ca2/protobuf-4.23.4-cp37-abi3-manylinux2014_x86_64.whl", hash = "sha256:effeac51ab79332d44fba74660d40ae79985901ac21bca408f8dc335a81aa597"},
    {url = "https://files.pythonhosted.org/packages/0e/76/aec5e6e2703eff3515cd13ff781fd32077809d3ebc166f7806578dbf2364/protobuf-4.23.4-cp37-cp37m-win_amd64.whl", hash = "sha256:9053df6df8e5a76c84339ee4a9f5a2661ceee4a0dab019e8663c50ba324208b0"},
    {url = "https://files.pythonhosted.org/packages/12/52/ee20d445b704503a5f4249cde385cc21eb3c7673870eb8ddfc07a15bb749/protobuf-4.23.4-cp39-cp39-win32.whl", hash = "sha256:6dd9b9940e3f17077e820b75851126615ee38643c2c5332aa7a359988820c720"},
    {url = "https://files.pythonhosted.org/packages/41/ef/dc1a84cd6d78c0ff181ae76db14ed1fcfd0043f9a569c28eb1e6ec0da625/protobuf-4.23.4-cp38-cp38-win_amd64.whl", hash = "sha256:351cc90f7d10839c480aeb9b870a211e322bf05f6ab3f55fcb2f51331f80a7d2"},
    {url = "https://files.pythonhosted.org/packages/5c/19/34458bf317755b7cb0a1391217c45465f70fd63890f26065c96c1ad975c3/protobuf-4.23.4-cp37-cp37m-win32.whl", hash = "sha256:c3e0939433c40796ca4cfc0fac08af50b00eb66a40bbbc5dee711998fb0bbc1e"},
    {url = "https://files.pythonhosted.org/packages/6f/a7/872807299eb114956c665fb1717ce106a8874db08a724651ac4f78c1198c/protobuf-4.23.4-cp310-abi3-win32.whl", hash = "sha256:5fea3c64d41ea5ecf5697b83e41d09b9589e6f20b677ab3c48e5f242d9b7897b"},
    {url = "https://files.pythonhosted.org/packages/71/42/3a7fc57f360f728f38eca6656e8d00edaf22bc0ffc35dd2936f23e5fbb3e/protobuf-4.23.4-cp37-abi3-manylinux2014_aarch64.whl", hash = "sha256:fee88269a090ada09ca63551bf2f573eb2424035bcf2cb1b121895b01a46594a"},
    {url = "https://files.pythonhosted.org/packages/80/70/dc63d340d27b8ff22022d7dd14b8d6d68b479a003eacdc4507150a286d9a/protobuf-4.23.4-cp310-abi3-win_amd64.whl", hash = "sha256:7b19b6266d92ca6a2a87effa88ecc4af73ebc5cfde194dc737cf8ef23a9a3b12"},
    {url = "https://files.pythonhosted.org/packages/99/7b/1085be78abfb2b5f6467ccb316d6bbde59633e8f889c5ba605ebfd0a6ef8/protobuf-4.23.4-cp39-cp39-win_amd64.whl", hash = "sha256:0a5759f5696895de8cc913f084e27fd4125e8fb0914bb729a17816a33819f474"},
    {url = "https://files.pythonhosted.org/packages/b0/07/fb712cce15ba456f7c24b82b97c8a7db2233f07037ffe61c9011660c592a/protobuf-4.23.4-py3-none-any.whl", hash = "sha256:e9d0be5bf34b275b9f87ba7407796556abeeba635455d036c7351f7c183ef8ff"},
    {url = "https://files.pythonhosted.org/packages/b9/a5/634f9f3cd952750b50fa75a262b5c91ef55246ce161a3ddb9b85f29fc1a1/protobuf-4.23.4-cp38-cp38-win32.whl", hash = "sha256:e1c915778d8ced71e26fcf43c0866d7499891bca14c4368448a82edc61fdbc70"},
    {url = "https://files.pythonhosted.org/packages/cb/d3/a164038605494d49acc4f9cda1c0bc200b96382c53edd561387263bb181d/protobuf-4.23.4-cp37-abi3-macosx_10_9_universal2.whl", hash = "sha256:8547bf44fe8cec3c69e3042f5c4fb3e36eb2a7a013bb0a44c018fc1e427aafbd"},
    {url = "https://files.pythonhosted.org/packages/d3/1c/de86d82a5fc780feca36ef52c1231823bb3140266af8a04ed6286957aa6e/protobuf-4.23.4.tar.gz", hash = "sha256:ccd9430c0719dce806b93f89c91de7977304729e55377f872a92465d548329a9"},
]
"pyasn1 0.5.0" = [
    {url = "https://files.pythonhosted.org/packages/14/e5/b56a725cbde139aa960c26a1a3ca4d4af437282e20b5314ee6a3501e7dfc/pyasn1-0.5.0-py2.py3-none-any.whl", hash = "sha256:87a2121042a1ac9358cabcaf1d07680ff97ee6404333bacca15f76aa8ad01a57"},
    {url = "https://files.pythonhosted.org/packages/61/ef/945a8bcda7895717c8ba4688c08a11ef6454f32b8e5cb6e352a9004ee89d/pyasn1-0.5.0.tar.gz", hash = "sha256:97b7290ca68e62a832558ec3976f15cbf911bf5d7c7039d8b861c2a0ece69fde"},
]
"rsa 4.9" = [
    {url = "https://files.pythonhosted.org/packages/49/97/fa78e3d2f65c02c8e1268b9aba606569fe97f6c8f7c2d74394553347c145/rsa-4.9-py3-none-any.whl", hash = "sha256:90260d9058e514786967344d0ef75fa8727eed8a7d2e43ce9f4bcf1b536174f7"},
    {url = "https://files.pythonhosted.org/packages/aa/65/7d973b89c4d2351d7fb232c2e452547ddfa243e93131e7cfa766da627b52/rsa-4.9.tar.gz", hash = "sha256:e38464a49c6c85d7f1351b0126661487a7e0a14a50f1675ec50eb34d4f20ef21"},
]
"setuptools 67.8.0" = [
    {url = "https://files.pythonhosted.org/packages/03/20/630783571e76e5fa5f3e9f29398ca3ace377207b8196b54e0ffdf09f12c1/setuptools-67.8.0.tar.gz", hash = "sha256:62642358adc77ffa87233bc4d2354c4b2682d214048f500964dbe760ccedf102"},
    {url = "https://files.pythonhosted.org/packages/f5/2c/074ab1c5be9c7d523d8d6d69d1f46f450fe7f11713147dc9e779aa4ca4ea/setuptools-67.8.0-py3-none-any.whl", hash = "sha256:5df61bf30bb10c6f756eb19e7c9f3b473051f48db77fddbe06ff2ca307df9a6f"},
]
"sniffio 1.3.0" = [
    {url = "https://files.pythonhosted.org/packages/c3/a0/5dba8ed157b0136607c7f2151db695885606968d1fae123dc3391e0cfdbf/sniffio-1.3.0-py3-none-any.whl", hash = "sha256:eecefdce1e5bbfb7ad2eeaabf7c1eeb404d7757c379bd1f7e5cce9d8bf425384"},
    {url = "https://files.pythonhosted.org/packages/cd/50/d49c388cae4ec10e8109b1b833fd265511840706808576df3ada99ecb0ac/sniffio-1.3.0.tar.gz", hash = "sha256:e60305c5e5d314f5389259b7f22aaa33d8f7dee49763119234af3755c55b9101"},
]
"types-protobuf 4.23.0.1" = [
    {url = "https://files.pythonhosted.org/packages/e0/06/92f7b78bb02e511a2eb651bff19fa1d18f29a28e30f6366e69da2c833a1a/types-protobuf-4.23.0.1.tar.gz", hash = "sha256:7bd5ea122a057b11a82b785d9de464932a1e9175fe977a4128adef11d7f35547"},
    {url = "https://files.pythonhosted.org/packages/ff/46/eab94a15512a21e9e89df47de5777383977f3da2d5e4df66b19bf7510c68/types_protobuf-4.23.0.1-py3-none-any.whl", hash = "sha256:c926104f69ea62103846681b35b690d8d100ecf86c6cdda16c850a1313a272e4"},
]
